// !$*UTF8*$!
{
	archiveVersion = 1;
	classes = {
	};
	objectVersion = 46;
	objects = {

/* Begin PBXBuildFile section */
		390699AB1DC08DC9005FE694 /* main.m in Sources */ = {isa = PBXBuildFile; fileRef = 390699AA1DC08DC9005FE694 /* main.m */; };
		390699AE1DC08DC9005FE694 /* AppDelegate.m in Sources */ = {isa = PBXBuildFile; fileRef = 390699AD1DC08DC9005FE694 /* AppDelegate.m */; };
		390699B11DC08DC9005FE694 /* ViewController.m in Sources */ = {isa = PBXBuildFile; fileRef = 390699B01DC08DC9005FE694 /* ViewController.m */; };
		390699B41DC08DC9005FE694 /* Main.storyboard in Resources */ = {isa = PBXBuildFile; fileRef = 390699B21DC08DC9005FE694 /* Main.storyboard */; };
		390699B61DC08DC9005FE694 /* Assets.xcassets in Resources */ = {isa = PBXBuildFile; fileRef = 390699B51DC08DC9005FE694 /* Assets.xcassets */; };
		390699B91DC08DC9005FE694 /* LaunchScreen.storyboard in Resources */ = {isa = PBXBuildFile; fileRef = 390699B71DC08DC9005FE694 /* LaunchScreen.storyboard */; };
		3938D8701E275262003FC258 /* AppDelegate+GoViewController.m in Sources */ = {isa = PBXBuildFile; fileRef = 3938D86F1E275262003FC258 /* AppDelegate+GoViewController.m */; };
		3938D8731E27547A003FC258 /* LoginViewController.m in Sources */ = {isa = PBXBuildFile; fileRef = 3938D8721E27547A003FC258 /* LoginViewController.m */; };
		394701D71DCC33C7003D6AF2 /* UIView+Expansion.m in Sources */ = {isa = PBXBuildFile; fileRef = 394701D61DCC33C7003D6AF2 /* UIView+Expansion.m */; };
		394701DD1DCC60F7003D6AF2 /* Utils.m in Sources */ = {isa = PBXBuildFile; fileRef = 394701DC1DCC60F7003D6AF2 /* Utils.m */; };
		394701E21DCC6226003D6AF2 /* UUIDShortener.m in Sources */ = {isa = PBXBuildFile; fileRef = 394701E11DCC6226003D6AF2 /* UUIDShortener.m */; };
		396634891DC0A18D00F22D27 /* UIView+UIViewController.m in Sources */ = {isa = PBXBuildFile; fileRef = 3966347D1DC0A18D00F22D27 /* UIView+UIViewController.m */; };
		3966348A1DC0A18D00F22D27 /* CustomVerticalLabel+Extension.m in Sources */ = {isa = PBXBuildFile; fileRef = 3966347F1DC0A18D00F22D27 /* CustomVerticalLabel+Extension.m */; };
		3966348B1DC0A18D00F22D27 /* UIButton+Extension.m in Sources */ = {isa = PBXBuildFile; fileRef = 396634811DC0A18D00F22D27 /* UIButton+Extension.m */; };
		3966348C1DC0A18D00F22D27 /* UIColor+Random.m in Sources */ = {isa = PBXBuildFile; fileRef = 396634831DC0A18D00F22D27 /* UIColor+Random.m */; };
		3966348D1DC0A18D00F22D27 /* UIImageView+Extension.m in Sources */ = {isa = PBXBuildFile; fileRef = 396634851DC0A18D00F22D27 /* UIImageView+Extension.m */; };
		3966348E1DC0A18D00F22D27 /* UITextField+Extension.m in Sources */ = {isa = PBXBuildFile; fileRef = 396634871DC0A18D00F22D27 /* UITextField+Extension.m */; };
		396634941DC0A25200F22D27 /* CustomTextField.m in Sources */ = {isa = PBXBuildFile; fileRef = 396634911DC0A25200F22D27 /* CustomTextField.m */; };
		396634951DC0A25200F22D27 /* CustomVerticalLabel.m in Sources */ = {isa = PBXBuildFile; fileRef = 396634931DC0A25200F22D27 /* CustomVerticalLabel.m */; };
		39AFFAB11DCC769C00FB39A5 /* main.js in Resources */ = {isa = PBXBuildFile; fileRef = 39AFFAB01DCC769C00FB39A5 /* main.js */; };
		39B32FF51DC0B01D000F7389 /* BaseViewController.m in Sources */ = {isa = PBXBuildFile; fileRef = 39B32FF41DC0B01D000F7389 /* BaseViewController.m */; };
		39B32FF81DC0B0A1000F7389 /* BaseNormalViewController.m in Sources */ = {isa = PBXBuildFile; fileRef = 39B32FF71DC0B0A1000F7389 /* BaseNormalViewController.m */; };
		39B32FFB1DC0B192000F7389 /* CustNavigationBar.m in Sources */ = {isa = PBXBuildFile; fileRef = 39B32FFA1DC0B192000F7389 /* CustNavigationBar.m */; };
		39B330011DC0B25D000F7389 /* NSString+extension.m in Sources */ = {isa = PBXBuildFile; fileRef = 39B32FFE1DC0B25D000F7389 /* NSString+extension.m */; };
		39B330021DC0B25D000F7389 /* UIColor+colorWithHexString.m in Sources */ = {isa = PBXBuildFile; fileRef = 39B330001DC0B25D000F7389 /* UIColor+colorWithHexString.m */; };
		39B330061DC0BCC4000F7389 /* GlobalShare.m in Sources */ = {isa = PBXBuildFile; fileRef = 39B330051DC0BCC4000F7389 /* GlobalShare.m */; };
		39B3300A1DC0C118000F7389 /* AFRequest.m in Sources */ = {isa = PBXBuildFile; fileRef = 39B330091DC0C118000F7389 /* AFRequest.m */; };
		39B3300D1DC0C138000F7389 /* AFHttpRequest.m in Sources */ = {isa = PBXBuildFile; fileRef = 39B3300C1DC0C138000F7389 /* AFHttpRequest.m */; };
		39E55ADF1E261069009AB78E /* AFHttpRequest+Test.m in Sources */ = {isa = PBXBuildFile; fileRef = 39E55ADE1E261069009AB78E /* AFHttpRequest+Test.m */; };
		4E76F823758DDF053D5CB505 /* libPods-MyProject.a in Frameworks */ = {isa = PBXBuildFile; fileRef = 8E088CDF3DEE8172DB44AD74 /* libPods-MyProject.a */; };
/* End PBXBuildFile section */

/* Begin PBXFileReference section */
		390699A61DC08DC9005FE694 /* MyProject.app */ = {isa = PBXFileReference; explicitFileType = wrapper.application; includeInIndex = 0; path = MyProject.app; sourceTree = BUILT_PRODUCTS_DIR; };
		390699AA1DC08DC9005FE694 /* main.m */ = {isa = PBXFileReference; lastKnownFileType = sourcecode.c.objc; path = main.m; sourceTree = "<group>"; };
		390699AC1DC08DC9005FE694 /* AppDelegate.h */ = {isa = PBXFileReference; lastKnownFileType = sourcecode.c.h; path = AppDelegate.h; sourceTree = "<group>"; };
		390699AD1DC08DC9005FE694 /* AppDelegate.m */ = {isa = PBXFileReference; lastKnownFileType = sourcecode.c.objc; path = AppDelegate.m; sourceTree = "<group>"; };
		390699AF1DC08DC9005FE694 /* ViewController.h */ = {isa = PBXFileReference; lastKnownFileType = sourcecode.c.h; path = ViewController.h; sourceTree = "<group>"; };
		390699B01DC08DC9005FE694 /* ViewController.m */ = {isa = PBXFileReference; lastKnownFileType = sourcecode.c.objc; path = ViewController.m; sourceTree = "<group>"; };
		390699B31DC08DC9005FE694 /* Base */ = {isa = PBXFileReference; lastKnownFileType = file.storyboard; name = Base; path = Base.lproj/Main.storyboard; sourceTree = "<group>"; };
		390699B51DC08DC9005FE694 /* Assets.xcassets */ = {isa = PBXFileReference; lastKnownFileType = folder.assetcatalog; path = Assets.xcassets; sourceTree = "<group>"; };
		390699B81DC08DC9005FE694 /* Base */ = {isa = PBXFileReference; lastKnownFileType = file.storyboard; name = Base; path = Base.lproj/LaunchScreen.storyboard; sourceTree = "<group>"; };
		390699BA1DC08DC9005FE694 /* Info.plist */ = {isa = PBXFileReference; lastKnownFileType = text.plist.xml; path = Info.plist; sourceTree = "<group>"; };
		3938D86E1E275262003FC258 /* AppDelegate+GoViewController.h */ = {isa = PBXFileReference; fileEncoding = 4; lastKnownFileType = sourcecode.c.h; path = "AppDelegate+GoViewController.h"; sourceTree = "<group>"; };
		3938D86F1E275262003FC258 /* AppDelegate+GoViewController.m */ = {isa = PBXFileReference; fileEncoding = 4; lastKnownFileType = sourcecode.c.objc; path = "AppDelegate+GoViewController.m"; sourceTree = "<group>"; };
		3938D8711E27547A003FC258 /* LoginViewController.h */ = {isa = PBXFileReference; fileEncoding = 4; lastKnownFileType = sourcecode.c.h; path = LoginViewController.h; sourceTree = "<group>"; };
		3938D8721E27547A003FC258 /* LoginViewController.m */ = {isa = PBXFileReference; fileEncoding = 4; lastKnownFileType = sourcecode.c.objc; path = LoginViewController.m; sourceTree = "<group>"; };
		394701D51DCC33C7003D6AF2 /* UIView+Expansion.h */ = {isa = PBXFileReference; fileEncoding = 4; lastKnownFileType = sourcecode.c.h; path = "UIView+Expansion.h"; sourceTree = "<group>"; };
		394701D61DCC33C7003D6AF2 /* UIView+Expansion.m */ = {isa = PBXFileReference; fileEncoding = 4; lastKnownFileType = sourcecode.c.objc; path = "UIView+Expansion.m"; sourceTree = "<group>"; };
		394701DB1DCC60F7003D6AF2 /* Utils.h */ = {isa = PBXFileReference; fileEncoding = 4; lastKnownFileType = sourcecode.c.h; path = Utils.h; sourceTree = "<group>"; };
		394701DC1DCC60F7003D6AF2 /* Utils.m */ = {isa = PBXFileReference; fileEncoding = 4; lastKnownFileType = sourcecode.c.objc; path = Utils.m; sourceTree = "<group>"; };
		394701E01DCC6226003D6AF2 /* UUIDShortener.h */ = {isa = PBXFileReference; fileEncoding = 4; lastKnownFileType = sourcecode.c.h; path = UUIDShortener.h; sourceTree = "<group>"; };
		394701E11DCC6226003D6AF2 /* UUIDShortener.m */ = {isa = PBXFileReference; fileEncoding = 4; lastKnownFileType = sourcecode.c.objc; path = UUIDShortener.m; sourceTree = "<group>"; };
		396634781DC09FF700F22D27 /* UIConfig.h */ = {isa = PBXFileReference; lastKnownFileType = sourcecode.c.h; path = UIConfig.h; sourceTree = "<group>"; };
		396634791DC0A18D00F22D27 /* CategoryConfig.h */ = {isa = PBXFileReference; fileEncoding = 4; lastKnownFileType = sourcecode.c.h; path = CategoryConfig.h; sourceTree = "<group>"; };
		3966347C1DC0A18D00F22D27 /* UIView+UIViewController.h */ = {isa = PBXFileReference; fileEncoding = 4; lastKnownFileType = sourcecode.c.h; path = "UIView+UIViewController.h"; sourceTree = "<group>"; };
		3966347D1DC0A18D00F22D27 /* UIView+UIViewController.m */ = {isa = PBXFileReference; fileEncoding = 4; lastKnownFileType = sourcecode.c.objc; path = "UIView+UIViewController.m"; sourceTree = "<group>"; };
		3966347E1DC0A18D00F22D27 /* CustomVerticalLabel+Extension.h */ = {isa = PBXFileReference; fileEncoding = 4; lastKnownFileType = sourcecode.c.h; path = "CustomVerticalLabel+Extension.h"; sourceTree = "<group>"; };
		3966347F1DC0A18D00F22D27 /* CustomVerticalLabel+Extension.m */ = {isa = PBXFileReference; fileEncoding = 4; lastKnownFileType = sourcecode.c.objc; path = "CustomVerticalLabel+Extension.m"; sourceTree = "<group>"; };
		396634801DC0A18D00F22D27 /* UIButton+Extension.h */ = {isa = PBXFileReference; fileEncoding = 4; lastKnownFileType = sourcecode.c.h; path = "UIButton+Extension.h"; sourceTree = "<group>"; };
		396634811DC0A18D00F22D27 /* UIButton+Extension.m */ = {isa = PBXFileReference; fileEncoding = 4; lastKnownFileType = sourcecode.c.objc; path = "UIButton+Extension.m"; sourceTree = "<group>"; };
		396634821DC0A18D00F22D27 /* UIColor+Random.h */ = {isa = PBXFileReference; fileEncoding = 4; lastKnownFileType = sourcecode.c.h; path = "UIColor+Random.h"; sourceTree = "<group>"; };
		396634831DC0A18D00F22D27 /* UIColor+Random.m */ = {isa = PBXFileReference; fileEncoding = 4; lastKnownFileType = sourcecode.c.objc; path = "UIColor+Random.m"; sourceTree = "<group>"; };
		396634841DC0A18D00F22D27 /* UIImageView+Extension.h */ = {isa = PBXFileReference; fileEncoding = 4; lastKnownFileType = sourcecode.c.h; path = "UIImageView+Extension.h"; sourceTree = "<group>"; };
		396634851DC0A18D00F22D27 /* UIImageView+Extension.m */ = {isa = PBXFileReference; fileEncoding = 4; lastKnownFileType = sourcecode.c.objc; path = "UIImageView+Extension.m"; sourceTree = "<group>"; };
		396634861DC0A18D00F22D27 /* UITextField+Extension.h */ = {isa = PBXFileReference; fileEncoding = 4; lastKnownFileType = sourcecode.c.h; path = "UITextField+Extension.h"; sourceTree = "<group>"; };
		396634871DC0A18D00F22D27 /* UITextField+Extension.m */ = {isa = PBXFileReference; fileEncoding = 4; lastKnownFileType = sourcecode.c.objc; path = "UITextField+Extension.m"; sourceTree = "<group>"; };
		396634901DC0A25200F22D27 /* CustomTextField.h */ = {isa = PBXFileReference; fileEncoding = 4; lastKnownFileType = sourcecode.c.h; path = CustomTextField.h; sourceTree = "<group>"; };
		396634911DC0A25200F22D27 /* CustomTextField.m */ = {isa = PBXFileReference; fileEncoding = 4; lastKnownFileType = sourcecode.c.objc; path = CustomTextField.m; sourceTree = "<group>"; };
		396634921DC0A25200F22D27 /* CustomVerticalLabel.h */ = {isa = PBXFileReference; fileEncoding = 4; lastKnownFileType = sourcecode.c.h; path = CustomVerticalLabel.h; sourceTree = "<group>"; };
		396634931DC0A25200F22D27 /* CustomVerticalLabel.m */ = {isa = PBXFileReference; fileEncoding = 4; lastKnownFileType = sourcecode.c.objc; path = CustomVerticalLabel.m; sourceTree = "<group>"; };
		396634961DC0A28200F22D27 /* BLLConfig.h */ = {isa = PBXFileReference; lastKnownFileType = sourcecode.c.h; path = BLLConfig.h; sourceTree = "<group>"; };
		396634971DC0A28C00F22D27 /* Commonfig.h */ = {isa = PBXFileReference; lastKnownFileType = sourcecode.c.h; path = Commonfig.h; sourceTree = "<group>"; };
		39AFFAAF1DCC6D0900FB39A5 /* MyProject.entitlements */ = {isa = PBXFileReference; lastKnownFileType = text.plist.entitlements; path = MyProject.entitlements; sourceTree = "<group>"; };
		39AFFAB01DCC769C00FB39A5 /* main.js */ = {isa = PBXFileReference; fileEncoding = 4; lastKnownFileType = sourcecode.javascript; path = main.js; sourceTree = "<group>"; };
		39B32FE91DC0A9F8000F7389 /* MyProject-pch.pch */ = {isa = PBXFileReference; lastKnownFileType = sourcecode.c.h; path = "MyProject-pch.pch"; sourceTree = "<group>"; };
		39B32FF31DC0B01D000F7389 /* BaseViewController.h */ = {isa = PBXFileReference; fileEncoding = 4; lastKnownFileType = sourcecode.c.h; path = BaseViewController.h; sourceTree = "<group>"; };
		39B32FF41DC0B01D000F7389 /* BaseViewController.m */ = {isa = PBXFileReference; fileEncoding = 4; lastKnownFileType = sourcecode.c.objc; path = BaseViewController.m; sourceTree = "<group>"; };
		39B32FF61DC0B0A1000F7389 /* BaseNormalViewController.h */ = {isa = PBXFileReference; fileEncoding = 4; lastKnownFileType = sourcecode.c.h; path = BaseNormalViewController.h; sourceTree = "<group>"; };
		39B32FF71DC0B0A1000F7389 /* BaseNormalViewController.m */ = {isa = PBXFileReference; fileEncoding = 4; lastKnownFileType = sourcecode.c.objc; path = BaseNormalViewController.m; sourceTree = "<group>"; };
		39B32FF91DC0B192000F7389 /* CustNavigationBar.h */ = {isa = PBXFileReference; fileEncoding = 4; lastKnownFileType = sourcecode.c.h; path = CustNavigationBar.h; sourceTree = "<group>"; };
		39B32FFA1DC0B192000F7389 /* CustNavigationBar.m */ = {isa = PBXFileReference; fileEncoding = 4; lastKnownFileType = sourcecode.c.objc; path = CustNavigationBar.m; sourceTree = "<group>"; };
		39B32FFD1DC0B25D000F7389 /* NSString+extension.h */ = {isa = PBXFileReference; fileEncoding = 4; lastKnownFileType = sourcecode.c.h; path = "NSString+extension.h"; sourceTree = "<group>"; };
		39B32FFE1DC0B25D000F7389 /* NSString+extension.m */ = {isa = PBXFileReference; fileEncoding = 4; lastKnownFileType = sourcecode.c.objc; path = "NSString+extension.m"; sourceTree = "<group>"; };
		39B32FFF1DC0B25D000F7389 /* UIColor+colorWithHexString.h */ = {isa = PBXFileReference; fileEncoding = 4; lastKnownFileType = sourcecode.c.h; path = "UIColor+colorWithHexString.h"; sourceTree = "<group>"; };
		39B330001DC0B25D000F7389 /* UIColor+colorWithHexString.m */ = {isa = PBXFileReference; fileEncoding = 4; lastKnownFileType = sourcecode.c.objc; path = "UIColor+colorWithHexString.m"; sourceTree = "<group>"; };
		39B330041DC0BCC4000F7389 /* GlobalShare.h */ = {isa = PBXFileReference; fileEncoding = 4; lastKnownFileType = sourcecode.c.h; path = GlobalShare.h; sourceTree = "<group>"; };
		39B330051DC0BCC4000F7389 /* GlobalShare.m */ = {isa = PBXFileReference; fileEncoding = 4; lastKnownFileType = sourcecode.c.objc; path = GlobalShare.m; sourceTree = "<group>"; };
		39B330081DC0C118000F7389 /* AFRequest.h */ = {isa = PBXFileReference; fileEncoding = 4; lastKnownFileType = sourcecode.c.h; path = AFRequest.h; sourceTree = "<group>"; };
		39B330091DC0C118000F7389 /* AFRequest.m */ = {isa = PBXFileReference; fileEncoding = 4; lastKnownFileType = sourcecode.c.objc; path = AFRequest.m; sourceTree = "<group>"; };
		39B3300B1DC0C138000F7389 /* AFHttpRequest.h */ = {isa = PBXFileReference; fileEncoding = 4; lastKnownFileType = sourcecode.c.h; path = AFHttpRequest.h; sourceTree = "<group>"; };
		39B3300C1DC0C138000F7389 /* AFHttpRequest.m */ = {isa = PBXFileReference; fileEncoding = 4; lastKnownFileType = sourcecode.c.objc; path = AFHttpRequest.m; sourceTree = "<group>"; };
		39E55ADD1E261069009AB78E /* AFHttpRequest+Test.h */ = {isa = PBXFileReference; fileEncoding = 4; lastKnownFileType = sourcecode.c.h; path = "AFHttpRequest+Test.h"; sourceTree = "<group>"; };
		39E55ADE1E261069009AB78E /* AFHttpRequest+Test.m */ = {isa = PBXFileReference; fileEncoding = 4; lastKnownFileType = sourcecode.c.objc; path = "AFHttpRequest+Test.m"; sourceTree = "<group>"; };
		655EC51DDC46CAD441569862 /* Pods-MyProject.release.xcconfig */ = {isa = PBXFileReference; includeInIndex = 1; lastKnownFileType = text.xcconfig; name = "Pods-MyProject.release.xcconfig"; path = "Pods/Target Support Files/Pods-MyProject/Pods-MyProject.release.xcconfig"; sourceTree = "<group>"; };
		8E088CDF3DEE8172DB44AD74 /* libPods-MyProject.a */ = {isa = PBXFileReference; explicitFileType = archive.ar; includeInIndex = 0; path = "libPods-MyProject.a"; sourceTree = BUILT_PRODUCTS_DIR; };
		9412BD434C4219A816B9D097 /* Pods-MyProject.debug.xcconfig */ = {isa = PBXFileReference; includeInIndex = 1; lastKnownFileType = text.xcconfig; name = "Pods-MyProject.debug.xcconfig"; path = "Pods/Target Support Files/Pods-MyProject/Pods-MyProject.debug.xcconfig"; sourceTree = "<group>"; };
/* End PBXFileReference section */

/* Begin PBXFrameworksBuildPhase section */
		390699A31DC08DC9005FE694 /* Frameworks */ = {
			isa = PBXFrameworksBuildPhase;
			buildActionMask = 2147483647;
			files = (
				4E76F823758DDF053D5CB505 /* libPods-MyProject.a in Frameworks */,
			);
			runOnlyForDeploymentPostprocessing = 0;
		};
/* End PBXFrameworksBuildPhase section */

/* Begin PBXGroup section */
		3906999D1DC08DC9005FE694 = {
			isa = PBXGroup;
			children = (
				390699A81DC08DC9005FE694 /* MyProject */,
				390699A71DC08DC9005FE694 /* Products */,
				89339B53953BA95D3CD8CB12 /* Pods */,
				4B130DE2D9F5B6D71371E584 /* Frameworks */,
			);
			sourceTree = "<group>";
		};
		390699A71DC08DC9005FE694 /* Products */ = {
			isa = PBXGroup;
			children = (
				390699A61DC08DC9005FE694 /* MyProject.app */,
			);
			name = Products;
			sourceTree = "<group>";
		};
		390699A81DC08DC9005FE694 /* MyProject */ = {
			isa = PBXGroup;
			children = (
				39AFFAAF1DCC6D0900FB39A5 /* MyProject.entitlements */,
				390699C21DC08EC7005FE694 /* UI */,
				390699C01DC08EC7005FE694 /* BLL */,
				390699C11DC08EC7005FE694 /* Comm */,
				390699AC1DC08DC9005FE694 /* AppDelegate.h */,
				390699AD1DC08DC9005FE694 /* AppDelegate.m */,
				3938D86E1E275262003FC258 /* AppDelegate+GoViewController.h */,
				3938D86F1E275262003FC258 /* AppDelegate+GoViewController.m */,
				390699AF1DC08DC9005FE694 /* ViewController.h */,
				390699B01DC08DC9005FE694 /* ViewController.m */,
				3938D8711E27547A003FC258 /* LoginViewController.h */,
				3938D8721E27547A003FC258 /* LoginViewController.m */,
				39E55ADD1E261069009AB78E /* AFHttpRequest+Test.h */,
				39E55ADE1E261069009AB78E /* AFHttpRequest+Test.m */,
				390699B21DC08DC9005FE694 /* Main.storyboard */,
				390699B51DC08DC9005FE694 /* Assets.xcassets */,
				390699B71DC08DC9005FE694 /* LaunchScreen.storyboard */,
				390699BA1DC08DC9005FE694 /* Info.plist */,
				390699A91DC08DC9005FE694 /* Supporting Files */,
			);
			path = MyProject;
			sourceTree = "<group>";
		};
		390699A91DC08DC9005FE694 /* Supporting Files */ = {
			isa = PBXGroup;
			children = (
				39AFFAB01DCC769C00FB39A5 /* main.js */,
				390699AA1DC08DC9005FE694 /* main.m */,
				39B32FE91DC0A9F8000F7389 /* MyProject-pch.pch */,
			);
			name = "Supporting Files";
			sourceTree = "<group>";
		};
		390699C01DC08EC7005FE694 /* BLL */ = {
			isa = PBXGroup;
			children = (
				396634961DC0A28200F22D27 /* BLLConfig.h */,
				39B330081DC0C118000F7389 /* AFRequest.h */,
				39B330091DC0C118000F7389 /* AFRequest.m */,
				39B3300B1DC0C138000F7389 /* AFHttpRequest.h */,
				39B3300C1DC0C138000F7389 /* AFHttpRequest.m */,
			);
			path = BLL;
			sourceTree = "<group>";
		};
		390699C11DC08EC7005FE694 /* Comm */ = {
			isa = PBXGroup;
			children = (
				396634971DC0A28C00F22D27 /* Commonfig.h */,
				394701DB1DCC60F7003D6AF2 /* Utils.h */,
				394701DC1DCC60F7003D6AF2 /* Utils.m */,
				394701DE1DCC6112003D6AF2 /* Libary */,
				39B330031DC0BCC4000F7389 /* GlobalData */,
				39B32FFC1DC0B251000F7389 /* Category */,
			);
			path = Comm;
			sourceTree = "<group>";
		};
		390699C21DC08EC7005FE694 /* UI */ = {
			isa = PBXGroup;
			children = (
				396634781DC09FF700F22D27 /* UIConfig.h */,
				39B32FF21DC0AFFD000F7389 /* BaseViewController */,
				3966348F1DC0A23B00F22D27 /* CustomView */,
				396634771DC09F7000F22D27 /* Category */,
			);
			path = UI;
			sourceTree = "<group>";
		};
		394701DE1DCC6112003D6AF2 /* Libary */ = {
			isa = PBXGroup;
			children = (
				394701DF1DCC6226003D6AF2 /* UUIDShortener */,
			);
			path = Libary;
			sourceTree = "<group>";
		};
		394701DF1DCC6226003D6AF2 /* UUIDShortener */ = {
			isa = PBXGroup;
			children = (
				394701E01DCC6226003D6AF2 /* UUIDShortener.h */,
				394701E11DCC6226003D6AF2 /* UUIDShortener.m */,
			);
			path = UUIDShortener;
			sourceTree = "<group>";
		};
		396634771DC09F7000F22D27 /* Category */ = {
			isa = PBXGroup;
			children = (
				396634791DC0A18D00F22D27 /* CategoryConfig.h */,
				3966347C1DC0A18D00F22D27 /* UIView+UIViewController.h */,
				3966347D1DC0A18D00F22D27 /* UIView+UIViewController.m */,
				394701D51DCC33C7003D6AF2 /* UIView+Expansion.h */,
				394701D61DCC33C7003D6AF2 /* UIView+Expansion.m */,
				3966347E1DC0A18D00F22D27 /* CustomVerticalLabel+Extension.h */,
				3966347F1DC0A18D00F22D27 /* CustomVerticalLabel+Extension.m */,
				396634801DC0A18D00F22D27 /* UIButton+Extension.h */,
				396634811DC0A18D00F22D27 /* UIButton+Extension.m */,
				396634821DC0A18D00F22D27 /* UIColor+Random.h */,
				396634831DC0A18D00F22D27 /* UIColor+Random.m */,
				396634841DC0A18D00F22D27 /* UIImageView+Extension.h */,
				396634851DC0A18D00F22D27 /* UIImageView+Extension.m */,
				396634861DC0A18D00F22D27 /* UITextField+Extension.h */,
				396634871DC0A18D00F22D27 /* UITextField+Extension.m */,
			);
			path = Category;
			sourceTree = "<group>";
		};
		3966348F1DC0A23B00F22D27 /* CustomView */ = {
			isa = PBXGroup;
			children = (
				39B32FF91DC0B192000F7389 /* CustNavigationBar.h */,
				39B32FFA1DC0B192000F7389 /* CustNavigationBar.m */,
				396634901DC0A25200F22D27 /* CustomTextField.h */,
				396634911DC0A25200F22D27 /* CustomTextField.m */,
				396634921DC0A25200F22D27 /* CustomVerticalLabel.h */,
				396634931DC0A25200F22D27 /* CustomVerticalLabel.m */,
			);
			path = CustomView;
			sourceTree = "<group>";
		};
		39B32FF21DC0AFFD000F7389 /* BaseViewController */ = {
			isa = PBXGroup;
			children = (
				39B32FF31DC0B01D000F7389 /* BaseViewController.h */,
				39B32FF41DC0B01D000F7389 /* BaseViewController.m */,
				39B32FF61DC0B0A1000F7389 /* BaseNormalViewController.h */,
				39B32FF71DC0B0A1000F7389 /* BaseNormalViewController.m */,
			);
			path = BaseViewController;
			sourceTree = "<group>";
		};
		39B32FFC1DC0B251000F7389 /* Category */ = {
			isa = PBXGroup;
			children = (
				39B32FFD1DC0B25D000F7389 /* NSString+extension.h */,
				39B32FFE1DC0B25D000F7389 /* NSString+extension.m */,
				39B32FFF1DC0B25D000F7389 /* UIColor+colorWithHexString.h */,
				39B330001DC0B25D000F7389 /* UIColor+colorWithHexString.m */,
			);
			path = Category;
			sourceTree = "<group>";
		};
		39B330031DC0BCC4000F7389 /* GlobalData */ = {
			isa = PBXGroup;
			children = (
				39B330041DC0BCC4000F7389 /* GlobalShare.h */,
				39B330051DC0BCC4000F7389 /* GlobalShare.m */,
			);
			path = GlobalData;
			sourceTree = "<group>";
		};
		4B130DE2D9F5B6D71371E584 /* Frameworks */ = {
			isa = PBXGroup;
			children = (
				8E088CDF3DEE8172DB44AD74 /* libPods-MyProject.a */,
			);
			name = Frameworks;
			sourceTree = "<group>";
		};
		89339B53953BA95D3CD8CB12 /* Pods */ = {
			isa = PBXGroup;
			children = (
				9412BD434C4219A816B9D097 /* Pods-MyProject.debug.xcconfig */,
				655EC51DDC46CAD441569862 /* Pods-MyProject.release.xcconfig */,
			);
			name = Pods;
			sourceTree = "<group>";
		};
/* End PBXGroup section */

/* Begin PBXNativeTarget section */
		390699A51DC08DC9005FE694 /* MyProject */ = {
			isa = PBXNativeTarget;
			buildConfigurationList = 390699BD1DC08DC9005FE694 /* Build configuration list for PBXNativeTarget "MyProject" */;
			buildPhases = (
				A124B5AAABE354233B0455AB /* [CP] Check Pods Manifest.lock */,
				390699A21DC08DC9005FE694 /* Sources */,
				390699A31DC08DC9005FE694 /* Frameworks */,
				390699A41DC08DC9005FE694 /* Resources */,
				D50784DAF049672683158DAA /* [CP] Embed Pods Frameworks */,
				55D5A47508C6795CF1EC6DB7 /* [CP] Copy Pods Resources */,
			);
			buildRules = (
			);
			dependencies = (
			);
			name = MyProject;
			productName = MyProject;
			productReference = 390699A61DC08DC9005FE694 /* MyProject.app */;
			productType = "com.apple.product-type.application";
		};
/* End PBXNativeTarget section */

/* Begin PBXProject section */
		3906999E1DC08DC9005FE694 /* Project object */ = {
			isa = PBXProject;
			attributes = {
				LastUpgradeCheck = 0800;
				ORGANIZATIONNAME = sike;
				TargetAttributes = {
					390699A51DC08DC9005FE694 = {
						CreatedOnToolsVersion = 8.0;
						DevelopmentTeam = GT496M7LMJ;
						ProvisioningStyle = Automatic;
						SystemCapabilities = {
							com.apple.Keychain = {
								enabled = 1;
							};
							com.apple.Push = {
								enabled = 0;
							};
						};
					};
				};
			};
			buildConfigurationList = 390699A11DC08DC9005FE694 /* Build configuration list for PBXProject "MyProject" */;
			compatibilityVersion = "Xcode 3.2";
			developmentRegion = English;
			hasScannedForEncodings = 0;
			knownRegions = (
				en,
				Base,
			);
			mainGroup = 3906999D1DC08DC9005FE694;
			productRefGroup = 390699A71DC08DC9005FE694 /* Products */;
			projectDirPath = "";
			projectRoot = "";
			targets = (
				390699A51DC08DC9005FE694 /* MyProject */,
			);
		};
/* End PBXProject section */

/* Begin PBXResourcesBuildPhase section */
		390699A41DC08DC9005FE694 /* Resources */ = {
			isa = PBXResourcesBuildPhase;
			buildActionMask = 2147483647;
			files = (
				390699B91DC08DC9005FE694 /* LaunchScreen.storyboard in Resources */,
				390699B61DC08DC9005FE694 /* Assets.xcassets in Resources */,
				390699B41DC08DC9005FE694 /* Main.storyboard in Resources */,
				39AFFAB11DCC769C00FB39A5 /* main.js in Resources */,
			);
			runOnlyForDeploymentPostprocessing = 0;
		};
/* End PBXResourcesBuildPhase section */

/* Begin PBXShellScriptBuildPhase section */
		55D5A47508C6795CF1EC6DB7 /* [CP] Copy Pods Resources */ = {
			isa = PBXShellScriptBuildPhase;
			buildActionMask = 2147483647;
			files = (
			);
			inputPaths = (
			);
			name = "[CP] Copy Pods Resources";
			outputPaths = (
			);
			runOnlyForDeploymentPostprocessing = 0;
			shellPath = /bin/sh;
			shellScript = "\"${SRCROOT}/Pods/Target Support Files/Pods-MyProject/Pods-MyProject-resources.sh\"\n";
			showEnvVarsInLog = 0;
		};
		A124B5AAABE354233B0455AB /* [CP] Check Pods Manifest.lock */ = {
			isa = PBXShellScriptBuildPhase;
			buildActionMask = 2147483647;
			files = (
			);
			inputPaths = (
			);
			name = "[CP] Check Pods Manifest.lock";
			outputPaths = (
			);
			runOnlyForDeploymentPostprocessing = 0;
			shellPath = /bin/sh;
			shellScript = "diff \"${PODS_ROOT}/../Podfile.lock\" \"${PODS_ROOT}/Manifest.lock\" > /dev/null\nif [ $? != 0 ] ; then\n    # print error to STDERR\n    echo \"error: The sandbox is not in sync with the Podfile.lock. Run 'pod install' or update your CocoaPods installation.\" >&2\n    exit 1\nfi\n";
			showEnvVarsInLog = 0;
		};
		D50784DAF049672683158DAA /* [CP] Embed Pods Frameworks */ = {
			isa = PBXShellScriptBuildPhase;
			buildActionMask = 2147483647;
			files = (
			);
			inputPaths = (
			);
			name = "[CP] Embed Pods Frameworks";
			outputPaths = (
			);
			runOnlyForDeploymentPostprocessing = 0;
			shellPath = /bin/sh;
			shellScript = "\"${SRCROOT}/Pods/Target Support Files/Pods-MyProject/Pods-MyProject-frameworks.sh\"\n";
			showEnvVarsInLog = 0;
		};
/* End PBXShellScriptBuildPhase section */

/* Begin PBXSourcesBuildPhase section */
		390699A21DC08DC9005FE694 /* Sources */ = {
			isa = PBXSourcesBuildPhase;
			buildActionMask = 2147483647;
			files = (
				390699B11DC08DC9005FE694 /* ViewController.m in Sources */,
				39B330061DC0BCC4000F7389 /* GlobalShare.m in Sources */,
				396634941DC0A25200F22D27 /* CustomTextField.m in Sources */,
				3966348B1DC0A18D00F22D27 /* UIButton+Extension.m in Sources */,
				3938D8731E27547A003FC258 /* LoginViewController.m in Sources */,
				390699AE1DC08DC9005FE694 /* AppDelegate.m in Sources */,
				394701E21DCC6226003D6AF2 /* UUIDShortener.m in Sources */,
				39E55ADF1E261069009AB78E /* AFHttpRequest+Test.m in Sources */,
				396634951DC0A25200F22D27 /* CustomVerticalLabel.m in Sources */,
				39B32FFB1DC0B192000F7389 /* CustNavigationBar.m in Sources */,
				3966348C1DC0A18D00F22D27 /* UIColor+Random.m in Sources */,
				39B32FF81DC0B0A1000F7389 /* BaseNormalViewController.m in Sources */,
				3966348A1DC0A18D00F22D27 /* CustomVerticalLabel+Extension.m in Sources */,
				394701D71DCC33C7003D6AF2 /* UIView+Expansion.m in Sources */,
				396634891DC0A18D00F22D27 /* UIView+UIViewController.m in Sources */,
				394701DD1DCC60F7003D6AF2 /* Utils.m in Sources */,
				39B32FF51DC0B01D000F7389 /* BaseViewController.m in Sources */,
				3966348E1DC0A18D00F22D27 /* UITextField+Extension.m in Sources */,
				39B330021DC0B25D000F7389 /* UIColor+colorWithHexString.m in Sources */,
				3966348D1DC0A18D00F22D27 /* UIImageView+Extension.m in Sources */,
				390699AB1DC08DC9005FE694 /* main.m in Sources */,
				39B3300D1DC0C138000F7389 /* AFHttpRequest.m in Sources */,
				3938D8701E275262003FC258 /* AppDelegate+GoViewController.m in Sources */,
				39B3300A1DC0C118000F7389 /* AFRequest.m in Sources */,
				39B330011DC0B25D000F7389 /* NSString+extension.m in Sources */,
			);
			runOnlyForDeploymentPostprocessing = 0;
		};
/* End PBXSourcesBuildPhase section */

/* Begin PBXVariantGroup section */
		390699B21DC08DC9005FE694 /* Main.storyboard */ = {
			isa = PBXVariantGroup;
			children = (
				390699B31DC08DC9005FE694 /* Base */,
			);
			name = Main.storyboard;
			sourceTree = "<group>";
		};
		390699B71DC08DC9005FE694 /* LaunchScreen.storyboard */ = {
			isa = PBXVariantGroup;
			children = (
				390699B81DC08DC9005FE694 /* Base */,
			);
			name = LaunchScreen.storyboard;
			sourceTree = "<group>";
		};
/* End PBXVariantGroup section */

/* Begin XCBuildConfiguration section */
		390699BB1DC08DC9005FE694 /* Debug */ = {
			isa = XCBuildConfiguration;
			buildSettings = {
				ALWAYS_SEARCH_USER_PATHS = NO;
				CLANG_ANALYZER_NONNULL = YES;
				CLANG_CXX_LANGUAGE_STANDARD = "gnu++0x";
				CLANG_CXX_LIBRARY = "libc++";
				CLANG_ENABLE_MODULES = YES;
				CLANG_ENABLE_OBJC_ARC = YES;
				CLANG_WARN_BOOL_CONVERSION = YES;
				CLANG_WARN_CONSTANT_CONVERSION = YES;
				CLANG_WARN_DIRECT_OBJC_ISA_USAGE = YES_ERROR;
				CLANG_WARN_DOCUMENTATION_COMMENTS = YES;
				CLANG_WARN_EMPTY_BODY = YES;
				CLANG_WARN_ENUM_CONVERSION = YES;
				CLANG_WARN_INFINITE_RECURSION = YES;
				CLANG_WARN_INT_CONVERSION = YES;
				CLANG_WARN_OBJC_ROOT_CLASS = YES_ERROR;
				CLANG_WARN_SUSPICIOUS_MOVE = YES;
				CLANG_WARN_SUSPICIOUS_MOVES = YES;
				CLANG_WARN_UNREACHABLE_CODE = YES;
				CLANG_WARN__DUPLICATE_METHOD_MATCH = YES;
				"CODE_SIGN_IDENTITY[sdk=iphoneos*]" = "iPhone Developer";
				COPY_PHASE_STRIP = NO;
				DEBUG_INFORMATION_FORMAT = dwarf;
				ENABLE_STRICT_OBJC_MSGSEND = YES;
				ENABLE_TESTABILITY = YES;
				GCC_C_LANGUAGE_STANDARD = gnu99;
				GCC_DYNAMIC_NO_PIC = NO;
				GCC_NO_COMMON_BLOCKS = YES;
				GCC_OPTIMIZATION_LEVEL = 0;
				GCC_PRECOMPILE_PREFIX_HEADER = NO;
				GCC_PREFIX_HEADER = "";
				GCC_PREPROCESSOR_DEFINITIONS = (
					"DEBUG=1",
					"$(inherited)",
				);
				GCC_WARN_64_TO_32_BIT_CONVERSION = YES;
				GCC_WARN_ABOUT_RETURN_TYPE = YES_ERROR;
				GCC_WARN_UNDECLARED_SELECTOR = YES;
				GCC_WARN_UNINITIALIZED_AUTOS = YES_AGGRESSIVE;
				GCC_WARN_UNUSED_FUNCTION = YES;
				GCC_WARN_UNUSED_VARIABLE = YES;
				IPHONEOS_DEPLOYMENT_TARGET = 8.0;
				MTL_ENABLE_DEBUG_INFO = YES;
				ONLY_ACTIVE_ARCH = YES;
				SDKROOT = iphoneos;
			};
			name = Debug;
		};
		390699BC1DC08DC9005FE694 /* Release */ = {
			isa = XCBuildConfiguration;
			buildSettings = {
				ALWAYS_SEARCH_USER_PATHS = NO;
				CLANG_ANALYZER_NONNULL = YES;
				CLANG_CXX_LANGUAGE_STANDARD = "gnu++0x";
				CLANG_CXX_LIBRARY = "libc++";
				CLANG_ENABLE_MODULES = YES;
				CLANG_ENABLE_OBJC_ARC = YES;
				CLANG_WARN_BOOL_CONVERSION = YES;
				CLANG_WARN_CONSTANT_CONVERSION = YES;
				CLANG_WARN_DIRECT_OBJC_ISA_USAGE = YES_ERROR;
				CLANG_WARN_DOCUMENTATION_COMMENTS = YES;
				CLANG_WARN_EMPTY_BODY = YES;
				CLANG_WARN_ENUM_CONVERSION = YES;
				CLANG_WARN_INFINITE_RECURSION = YES;
				CLANG_WARN_INT_CONVERSION = YES;
				CLANG_WARN_OBJC_ROOT_CLASS = YES_ERROR;
				CLANG_WARN_SUSPICIOUS_MOVE = YES;
				CLANG_WARN_SUSPICIOUS_MOVES = YES;
				CLANG_WARN_UNREACHABLE_CODE = YES;
				CLANG_WARN__DUPLICATE_METHOD_MATCH = YES;
				"CODE_SIGN_IDENTITY[sdk=iphoneos*]" = "iPhone Developer";
				COPY_PHASE_STRIP = NO;
				DEBUG_INFORMATION_FORMAT = "dwarf-with-dsym";
				ENABLE_NS_ASSERTIONS = NO;
				ENABLE_STRICT_OBJC_MSGSEND = YES;
				GCC_C_LANGUAGE_STANDARD = gnu99;
				GCC_NO_COMMON_BLOCKS = YES;
				GCC_PRECOMPILE_PREFIX_HEADER = NO;
				GCC_PREFIX_HEADER = "";
				GCC_WARN_64_TO_32_BIT_CONVERSION = YES;
				GCC_WARN_ABOUT_RETURN_TYPE = YES_ERROR;
				GCC_WARN_UNDECLARED_SELECTOR = YES;
				GCC_WARN_UNINITIALIZED_AUTOS = YES_AGGRESSIVE;
				GCC_WARN_UNUSED_FUNCTION = YES;
				GCC_WARN_UNUSED_VARIABLE = YES;
				IPHONEOS_DEPLOYMENT_TARGET = 8.0;
				MTL_ENABLE_DEBUG_INFO = NO;
				SDKROOT = iphoneos;
				VALIDATE_PRODUCT = YES;
			};
			name = Release;
		};
		390699BE1DC08DC9005FE694 /* Debug */ = {
			isa = XCBuildConfiguration;
			baseConfigurationReference = 9412BD434C4219A816B9D097 /* Pods-MyProject.debug.xcconfig */;
			buildSettings = {
				ASSETCATALOG_COMPILER_APPICON_NAME = AppIcon;
				CODE_SIGN_ENTITLEMENTS = MyProject/MyProject.entitlements;
				DEVELOPMENT_TEAM = GT496M7LMJ;
				GCC_PRECOMPILE_PREFIX_HEADER = YES;
				GCC_PREFIX_HEADER = "MyProject/MyProject-pch.pch";
				INFOPLIST_FILE = MyProject/Info.plist;
				LD_RUNPATH_SEARCH_PATHS = "$(inherited) @executable_path/Frameworks";
				PRODUCT_BUNDLE_IDENTIFIER = com.ztjy.dev5;
				PRODUCT_NAME = "$(TARGET_NAME)";
			};
			name = Debug;
		};
		390699BF1DC08DC9005FE694 /* Release */ = {
			isa = XCBuildConfiguration;
			baseConfigurationReference = 655EC51DDC46CAD441569862 /* Pods-MyProject.release.xcconfig */;
			buildSettings = {
				ASSETCATALOG_COMPILER_APPICON_NAME = AppIcon;
				CODE_SIGN_ENTITLEMENTS = MyProject/MyProject.entitlements;
				DEVELOPMENT_TEAM = GT496M7LMJ;
				GCC_PRECOMPILE_PREFIX_HEADER = YES;
				GCC_PREFIX_HEADER = "MyProject/MyProject-pch.pch";
				INFOPLIST_FILE = MyProject/Info.plist;
				LD_RUNPATH_SEARCH_PATHS = "$(inherited) @executable_path/Frameworks";
				PRODUCT_BUNDLE_IDENTIFIER = com.ztjy.dev5;
				PRODUCT_NAME = "$(TARGET_NAME)";
			};
			name = Release;
		};
/* End XCBuildConfiguration section */

/* Begin XCConfigurationList section */
		390699A11DC08DC9005FE694 /* Build configuration list for PBXProject "MyProject" */ = {
			isa = XCConfigurationList;
			buildConfigurations = (
				390699BB1DC08DC9005FE694 /* Debug */,
				390699BC1DC08DC9005FE694 /* Release */,
			);
			defaultConfigurationIsVisible = 0;
			defaultConfigurationName = Release;
		};
		390699BD1DC08DC9005FE694 /* Build configuration list for PBXNativeTarget "MyProject" */ = {
			isa = XCConfigurationList;
			buildConfigurations = (
				390699BE1DC08DC9005FE694 /* Debug */,
				390699BF1DC08DC9005FE694 /* Release */,
			);
			defaultConfigurationIsVisible = 0;
			defaultConfigurationName = Release;
		};
/* End XCConfigurationList section */
	};
	rootObject = 3906999E1DC08DC9005FE694 /* Project object */;
}
