// !$*UTF8*$!
{
	archiveVersion = 1;
	classes = {
	};
	objectVersion = 46;
	objects = {

/* Begin PBXBuildFile section */
		390699AB1DC08DC9005FE694 /* main.m in Sources */ = {isa = PBXBuildFile; fileRef = 390699AA1DC08DC9005FE694 /* main.m */; };
		390699AE1DC08DC9005FE694 /* AppDelegate.m in Sources */ = {isa = PBXBuildFile; fileRef = 390699AD1DC08DC9005FE694 /* AppDelegate.m */; };
		390699B11DC08DC9005FE694 /* ViewController.m in Sources */ = {isa = PBXBuildFile; fileRef = 390699B01DC08DC9005FE694 /* ViewController.m */; };
		390699B41DC08DC9005FE694 /* Main.storyboard in Resources */ = {isa = PBXBuildFile; fileRef = 390699B21DC08DC9005FE694 /* Main.storyboard */; };
		390699B61DC08DC9005FE694 /* Assets.xcassets in Resources */ = {isa = PBXBuildFile; fileRef = 390699B51DC08DC9005FE694 /* Assets.xcassets */; };
		390699B91DC08DC9005FE694 /* LaunchScreen.storyboard in Resources */ = {isa = PBXBuildFile; fileRef = 390699B71DC08DC9005FE694 /* LaunchScreen.storyboard */; };
		393E8AC81EE6A3A900DD7E8F /* LoadingHUD.m in Sources */ = {isa = PBXBuildFile; fileRef = 393E8AC71EE6A3A900DD7E8F /* LoadingHUD.m */; };
		394701DD1DCC60F7003D6AF2 /* Utils.m in Sources */ = {isa = PBXBuildFile; fileRef = 394701DC1DCC60F7003D6AF2 /* Utils.m */; };
		394701E21DCC6226003D6AF2 /* UUIDShortener.m in Sources */ = {isa = PBXBuildFile; fileRef = 394701E11DCC6226003D6AF2 /* UUIDShortener.m */; };
		396634941DC0A25200F22D27 /* CustomTextField.m in Sources */ = {isa = PBXBuildFile; fileRef = 396634911DC0A25200F22D27 /* CustomTextField.m */; };
		396634951DC0A25200F22D27 /* CustomVerticalLabel.m in Sources */ = {isa = PBXBuildFile; fileRef = 396634931DC0A25200F22D27 /* CustomVerticalLabel.m */; };
		39B32FF51DC0B01D000F7389 /* BaseViewController.m in Sources */ = {isa = PBXBuildFile; fileRef = 39B32FF41DC0B01D000F7389 /* BaseViewController.m */; };
		39B32FF81DC0B0A1000F7389 /* BaseNormalViewController.m in Sources */ = {isa = PBXBuildFile; fileRef = 39B32FF71DC0B0A1000F7389 /* BaseNormalViewController.m */; };
		39B32FFB1DC0B192000F7389 /* CustNavigationBar.m in Sources */ = {isa = PBXBuildFile; fileRef = 39B32FFA1DC0B192000F7389 /* CustNavigationBar.m */; };
		39B330061DC0BCC4000F7389 /* GlobalShare.m in Sources */ = {isa = PBXBuildFile; fileRef = 39B330051DC0BCC4000F7389 /* GlobalShare.m */; };
		39B3300A1DC0C118000F7389 /* AFRequest.m in Sources */ = {isa = PBXBuildFile; fileRef = 39B330091DC0C118000F7389 /* AFRequest.m */; };
		39B3300D1DC0C138000F7389 /* AFHttpRequest.m in Sources */ = {isa = PBXBuildFile; fileRef = 39B3300C1DC0C138000F7389 /* AFHttpRequest.m */; };
		39E55ADF1E261069009AB78E /* AFHttpRequest+Test.m in Sources */ = {isa = PBXBuildFile; fileRef = 39E55ADE1E261069009AB78E /* AFHttpRequest+Test.m */; };
		4E76F823758DDF053D5CB505 /* libPods-MyProject.a in Frameworks */ = {isa = PBXBuildFile; fileRef = 8E088CDF3DEE8172DB44AD74 /* libPods-MyProject.a */; };
		9C0529691FA2D94C0030E0E2 /* test1ViewController.m in Sources */ = {isa = PBXBuildFile; fileRef = 9C0529681FA2D94C0030E0E2 /* test1ViewController.m */; };
		9C0ADE6C200E09C600352592 /* image0.jpg in Resources */ = {isa = PBXBuildFile; fileRef = 9C0ADE61200E09C600352592 /* image0.jpg */; };
		9C0ADE6D200E09C600352592 /* image1.jpg in Resources */ = {isa = PBXBuildFile; fileRef = 9C0ADE62200E09C600352592 /* image1.jpg */; };
		9C0ADE6E200E09C600352592 /* image11.gif in Resources */ = {isa = PBXBuildFile; fileRef = 9C0ADE63200E09C600352592 /* image11.gif */; };
		9C0ADE6F200E09C600352592 /* image12.gif in Resources */ = {isa = PBXBuildFile; fileRef = 9C0ADE64200E09C600352592 /* image12.gif */; };
		9C0ADE70200E09C600352592 /* image2.jpg in Resources */ = {isa = PBXBuildFile; fileRef = 9C0ADE65200E09C600352592 /* image2.jpg */; };
		9C0ADE71200E09C600352592 /* image3.jpg in Resources */ = {isa = PBXBuildFile; fileRef = 9C0ADE66200E09C600352592 /* image3.jpg */; };
		9C0ADE72200E09C600352592 /* image4.jpg in Resources */ = {isa = PBXBuildFile; fileRef = 9C0ADE67200E09C600352592 /* image4.jpg */; };
		9C0ADE73200E09C600352592 /* LaunchImageAd.json in Resources */ = {isa = PBXBuildFile; fileRef = 9C0ADE68200E09C600352592 /* LaunchImageAd.json */; };
		9C0ADE74200E09C600352592 /* LaunchVideoAd.json in Resources */ = {isa = PBXBuildFile; fileRef = 9C0ADE69200E09C600352592 /* LaunchVideoAd.json */; };
		9C0ADE75200E09C600352592 /* video0.mp4 in Resources */ = {isa = PBXBuildFile; fileRef = 9C0ADE6A200E09C600352592 /* video0.mp4 */; };
		9C0ADE76200E09C600352592 /* video1.mp4 in Resources */ = {isa = PBXBuildFile; fileRef = 9C0ADE6B200E09C600352592 /* video1.mp4 */; };
		9C133009200DC627004A4DB1 /* UIButton+EnlargeEdge.m in Sources */ = {isa = PBXBuildFile; fileRef = 9C133008200DC627004A4DB1 /* UIButton+EnlargeEdge.m */; };
		9C467EF31FA7085400717FDC /* test2ViewController.m in Sources */ = {isa = PBXBuildFile; fileRef = 9C467EF21FA7085400717FDC /* test2ViewController.m */; };
		9C71D2F920076554006B26EE /* UICollectionView+XY.m in Sources */ = {isa = PBXBuildFile; fileRef = 9C71D2F420076554006B26EE /* UICollectionView+XY.m */; };
		9C71D2FA20076554006B26EE /* UITableView+XY.m in Sources */ = {isa = PBXBuildFile; fileRef = 9C71D2F620076554006B26EE /* UITableView+XY.m */; };
		9C71D2FB20076554006B26EE /* XYNoDataView.m in Sources */ = {isa = PBXBuildFile; fileRef = 9C71D2F820076554006B26EE /* XYNoDataView.m */; };
		9C88DF7E1FB58FE80023E332 /* ADPlist.plist in Resources */ = {isa = PBXBuildFile; fileRef = 9C88DF7D1FB58FE80023E332 /* ADPlist.plist */; };
		9C88DF811FB595FE0023E332 /* ZTMessageADMoudle.m in Sources */ = {isa = PBXBuildFile; fileRef = 9C88DF801FB595FE0023E332 /* ZTMessageADMoudle.m */; };
		9C9BBB6F1FA1EF49003EBD3A /* CustomVerticalLabel+Extension.m in Sources */ = {isa = PBXBuildFile; fileRef = 9C9BBB5A1FA1EF49003EBD3A /* CustomVerticalLabel+Extension.m */; };
		9C9BBB701FA1EF49003EBD3A /* NSArray+Safe.m in Sources */ = {isa = PBXBuildFile; fileRef = 9C9BBB5C1FA1EF49003EBD3A /* NSArray+Safe.m */; };
		9C9BBB711FA1EF49003EBD3A /* NSDictionary+Safe.m in Sources */ = {isa = PBXBuildFile; fileRef = 9C9BBB5E1FA1EF49003EBD3A /* NSDictionary+Safe.m */; };
		9C9BBB721FA1EF49003EBD3A /* NSString+extension.m in Sources */ = {isa = PBXBuildFile; fileRef = 9C9BBB601FA1EF49003EBD3A /* NSString+extension.m */; };
		9C9BBB731FA1EF49003EBD3A /* UIButton+Extension.m in Sources */ = {isa = PBXBuildFile; fileRef = 9C9BBB621FA1EF49003EBD3A /* UIButton+Extension.m */; };
		9C9BBB741FA1EF49003EBD3A /* UIColor+colorWithHexString.m in Sources */ = {isa = PBXBuildFile; fileRef = 9C9BBB641FA1EF49003EBD3A /* UIColor+colorWithHexString.m */; };
		9C9BBB751FA1EF49003EBD3A /* UIColor+Random.m in Sources */ = {isa = PBXBuildFile; fileRef = 9C9BBB661FA1EF49003EBD3A /* UIColor+Random.m */; };
		9C9BBB761FA1EF49003EBD3A /* UIImage+ZTHColor.m in Sources */ = {isa = PBXBuildFile; fileRef = 9C9BBB681FA1EF49003EBD3A /* UIImage+ZTHColor.m */; };
		9C9BBB791FA1EF49003EBD3A /* UIView+Expansion.m in Sources */ = {isa = PBXBuildFile; fileRef = 9C9BBB6E1FA1EF49003EBD3A /* UIView+Expansion.m */; };
		9C9BBB7D1FA1EFD6003EBD3A /* RootViewController.m in Sources */ = {isa = PBXBuildFile; fileRef = 9C9BBB7C1FA1EFD6003EBD3A /* RootViewController.m */; };
		9C9BBB811FA1F00B003EBD3A /* LoginViewController.m in Sources */ = {isa = PBXBuildFile; fileRef = 9C9BBB801FA1F00B003EBD3A /* LoginViewController.m */; };
		9C9BBB841FA1F033003EBD3A /* AppDelegate+GoViewController.m in Sources */ = {isa = PBXBuildFile; fileRef = 9C9BBB821FA1F033003EBD3A /* AppDelegate+GoViewController.m */; };
		9CFBE68B1F59388400701BAF /* NullSafe.m in Sources */ = {isa = PBXBuildFile; fileRef = 9CFBE68A1F59388400701BAF /* NullSafe.m */; };
/* End PBXBuildFile section */

/* Begin PBXFileReference section */
		390699A61DC08DC9005FE694 /* MyProject.app */ = {isa = PBXFileReference; explicitFileType = wrapper.application; includeInIndex = 0; path = MyProject.app; sourceTree = BUILT_PRODUCTS_DIR; };
		390699AA1DC08DC9005FE694 /* main.m */ = {isa = PBXFileReference; lastKnownFileType = sourcecode.c.objc; path = main.m; sourceTree = "<group>"; };
		390699AC1DC08DC9005FE694 /* AppDelegate.h */ = {isa = PBXFileReference; lastKnownFileType = sourcecode.c.h; path = AppDelegate.h; sourceTree = "<group>"; };
		390699AD1DC08DC9005FE694 /* AppDelegate.m */ = {isa = PBXFileReference; lastKnownFileType = sourcecode.c.objc; path = AppDelegate.m; sourceTree = "<group>"; };
		390699AF1DC08DC9005FE694 /* ViewController.h */ = {isa = PBXFileReference; lastKnownFileType = sourcecode.c.h; path = ViewController.h; sourceTree = "<group>"; };
		390699B01DC08DC9005FE694 /* ViewController.m */ = {isa = PBXFileReference; lastKnownFileType = sourcecode.c.objc; path = ViewController.m; sourceTree = "<group>"; };
		390699B31DC08DC9005FE694 /* Base */ = {isa = PBXFileReference; lastKnownFileType = file.storyboard; name = Base; path = Base.lproj/Main.storyboard; sourceTree = "<group>"; };
		390699B51DC08DC9005FE694 /* Assets.xcassets */ = {isa = PBXFileReference; lastKnownFileType = folder.assetcatalog; path = Assets.xcassets; sourceTree = "<group>"; };
		390699B81DC08DC9005FE694 /* Base */ = {isa = PBXFileReference; lastKnownFileType = file.storyboard; name = Base; path = Base.lproj/LaunchScreen.storyboard; sourceTree = "<group>"; };
		390699BA1DC08DC9005FE694 /* Info.plist */ = {isa = PBXFileReference; lastKnownFileType = text.plist.xml; path = Info.plist; sourceTree = "<group>"; };
		393E8AC61EE6A3A900DD7E8F /* LoadingHUD.h */ = {isa = PBXFileReference; fileEncoding = 4; lastKnownFileType = sourcecode.c.h; path = LoadingHUD.h; sourceTree = "<group>"; };
		393E8AC71EE6A3A900DD7E8F /* LoadingHUD.m */ = {isa = PBXFileReference; fileEncoding = 4; lastKnownFileType = sourcecode.c.objc; path = LoadingHUD.m; sourceTree = "<group>"; };
		394701DB1DCC60F7003D6AF2 /* Utils.h */ = {isa = PBXFileReference; fileEncoding = 4; lastKnownFileType = sourcecode.c.h; path = Utils.h; sourceTree = "<group>"; };
		394701DC1DCC60F7003D6AF2 /* Utils.m */ = {isa = PBXFileReference; fileEncoding = 4; lastKnownFileType = sourcecode.c.objc; path = Utils.m; sourceTree = "<group>"; };
		394701E01DCC6226003D6AF2 /* UUIDShortener.h */ = {isa = PBXFileReference; fileEncoding = 4; lastKnownFileType = sourcecode.c.h; path = UUIDShortener.h; sourceTree = "<group>"; };
		394701E11DCC6226003D6AF2 /* UUIDShortener.m */ = {isa = PBXFileReference; fileEncoding = 4; lastKnownFileType = sourcecode.c.objc; path = UUIDShortener.m; sourceTree = "<group>"; };
		396634781DC09FF700F22D27 /* UIConfig.h */ = {isa = PBXFileReference; lastKnownFileType = sourcecode.c.h; path = UIConfig.h; sourceTree = "<group>"; };
		396634901DC0A25200F22D27 /* CustomTextField.h */ = {isa = PBXFileReference; fileEncoding = 4; lastKnownFileType = sourcecode.c.h; path = CustomTextField.h; sourceTree = "<group>"; };
		396634911DC0A25200F22D27 /* CustomTextField.m */ = {isa = PBXFileReference; fileEncoding = 4; lastKnownFileType = sourcecode.c.objc; path = CustomTextField.m; sourceTree = "<group>"; };
		396634921DC0A25200F22D27 /* CustomVerticalLabel.h */ = {isa = PBXFileReference; fileEncoding = 4; lastKnownFileType = sourcecode.c.h; path = CustomVerticalLabel.h; sourceTree = "<group>"; };
		396634931DC0A25200F22D27 /* CustomVerticalLabel.m */ = {isa = PBXFileReference; fileEncoding = 4; lastKnownFileType = sourcecode.c.objc; path = CustomVerticalLabel.m; sourceTree = "<group>"; };
		396634961DC0A28200F22D27 /* BLLConfig.h */ = {isa = PBXFileReference; lastKnownFileType = sourcecode.c.h; path = BLLConfig.h; sourceTree = "<group>"; };
		396634971DC0A28C00F22D27 /* Commonfig.h */ = {isa = PBXFileReference; lastKnownFileType = sourcecode.c.h; path = Commonfig.h; sourceTree = "<group>"; };
		39AFFAAF1DCC6D0900FB39A5 /* MyProject.entitlements */ = {isa = PBXFileReference; lastKnownFileType = text.plist.entitlements; path = MyProject.entitlements; sourceTree = "<group>"; };
		39B32FE91DC0A9F8000F7389 /* MyProject-pch.pch */ = {isa = PBXFileReference; lastKnownFileType = sourcecode.c.h; path = "MyProject-pch.pch"; sourceTree = "<group>"; };
		39B32FF31DC0B01D000F7389 /* BaseViewController.h */ = {isa = PBXFileReference; fileEncoding = 4; lastKnownFileType = sourcecode.c.h; path = BaseViewController.h; sourceTree = "<group>"; };
		39B32FF41DC0B01D000F7389 /* BaseViewController.m */ = {isa = PBXFileReference; fileEncoding = 4; lastKnownFileType = sourcecode.c.objc; path = BaseViewController.m; sourceTree = "<group>"; };
		39B32FF61DC0B0A1000F7389 /* BaseNormalViewController.h */ = {isa = PBXFileReference; fileEncoding = 4; lastKnownFileType = sourcecode.c.h; path = BaseNormalViewController.h; sourceTree = "<group>"; };
		39B32FF71DC0B0A1000F7389 /* BaseNormalViewController.m */ = {isa = PBXFileReference; fileEncoding = 4; lastKnownFileType = sourcecode.c.objc; path = BaseNormalViewController.m; sourceTree = "<group>"; };
		39B32FF91DC0B192000F7389 /* CustNavigationBar.h */ = {isa = PBXFileReference; fileEncoding = 4; lastKnownFileType = sourcecode.c.h; path = CustNavigationBar.h; sourceTree = "<group>"; };
		39B32FFA1DC0B192000F7389 /* CustNavigationBar.m */ = {isa = PBXFileReference; fileEncoding = 4; lastKnownFileType = sourcecode.c.objc; path = CustNavigationBar.m; sourceTree = "<group>"; };
		39B330041DC0BCC4000F7389 /* GlobalShare.h */ = {isa = PBXFileReference; fileEncoding = 4; lastKnownFileType = sourcecode.c.h; path = GlobalShare.h; sourceTree = "<group>"; };
		39B330051DC0BCC4000F7389 /* GlobalShare.m */ = {isa = PBXFileReference; fileEncoding = 4; lastKnownFileType = sourcecode.c.objc; path = GlobalShare.m; sourceTree = "<group>"; };
		39B330081DC0C118000F7389 /* AFRequest.h */ = {isa = PBXFileReference; fileEncoding = 4; lastKnownFileType = sourcecode.c.h; path = AFRequest.h; sourceTree = "<group>"; };
		39B330091DC0C118000F7389 /* AFRequest.m */ = {isa = PBXFileReference; fileEncoding = 4; lastKnownFileType = sourcecode.c.objc; path = AFRequest.m; sourceTree = "<group>"; };
		39B3300B1DC0C138000F7389 /* AFHttpRequest.h */ = {isa = PBXFileReference; fileEncoding = 4; lastKnownFileType = sourcecode.c.h; path = AFHttpRequest.h; sourceTree = "<group>"; };
		39B3300C1DC0C138000F7389 /* AFHttpRequest.m */ = {isa = PBXFileReference; fileEncoding = 4; lastKnownFileType = sourcecode.c.objc; path = AFHttpRequest.m; sourceTree = "<group>"; };
		39E55ADD1E261069009AB78E /* AFHttpRequest+Test.h */ = {isa = PBXFileReference; fileEncoding = 4; lastKnownFileType = sourcecode.c.h; path = "AFHttpRequest+Test.h"; sourceTree = "<group>"; };
		39E55ADE1E261069009AB78E /* AFHttpRequest+Test.m */ = {isa = PBXFileReference; fileEncoding = 4; lastKnownFileType = sourcecode.c.objc; path = "AFHttpRequest+Test.m"; sourceTree = "<group>"; };
		655EC51DDC46CAD441569862 /* Pods-MyProject.release.xcconfig */ = {isa = PBXFileReference; includeInIndex = 1; lastKnownFileType = text.xcconfig; name = "Pods-MyProject.release.xcconfig"; path = "Pods/Target Support Files/Pods-MyProject/Pods-MyProject.release.xcconfig"; sourceTree = "<group>"; };
		8E088CDF3DEE8172DB44AD74 /* libPods-MyProject.a */ = {isa = PBXFileReference; explicitFileType = archive.ar; includeInIndex = 0; path = "libPods-MyProject.a"; sourceTree = BUILT_PRODUCTS_DIR; };
		9412BD434C4219A816B9D097 /* Pods-MyProject.debug.xcconfig */ = {isa = PBXFileReference; includeInIndex = 1; lastKnownFileType = text.xcconfig; name = "Pods-MyProject.debug.xcconfig"; path = "Pods/Target Support Files/Pods-MyProject/Pods-MyProject.debug.xcconfig"; sourceTree = "<group>"; };
		9C0529671FA2D94C0030E0E2 /* test1ViewController.h */ = {isa = PBXFileReference; lastKnownFileType = sourcecode.c.h; path = test1ViewController.h; sourceTree = "<group>"; };
		9C0529681FA2D94C0030E0E2 /* test1ViewController.m */ = {isa = PBXFileReference; lastKnownFileType = sourcecode.c.objc; path = test1ViewController.m; sourceTree = "<group>"; };
		9C0ADE61200E09C600352592 /* image0.jpg */ = {isa = PBXFileReference; lastKnownFileType = image.jpeg; path = image0.jpg; sourceTree = "<group>"; };
		9C0ADE62200E09C600352592 /* image1.jpg */ = {isa = PBXFileReference; lastKnownFileType = image.jpeg; path = image1.jpg; sourceTree = "<group>"; };
		9C0ADE63200E09C600352592 /* image11.gif */ = {isa = PBXFileReference; lastKnownFileType = image.gif; path = image11.gif; sourceTree = "<group>"; };
		9C0ADE64200E09C600352592 /* image12.gif */ = {isa = PBXFileReference; lastKnownFileType = image.gif; path = image12.gif; sourceTree = "<group>"; };
		9C0ADE65200E09C600352592 /* image2.jpg */ = {isa = PBXFileReference; lastKnownFileType = image.jpeg; path = image2.jpg; sourceTree = "<group>"; };
		9C0ADE66200E09C600352592 /* image3.jpg */ = {isa = PBXFileReference; lastKnownFileType = image.jpeg; path = image3.jpg; sourceTree = "<group>"; };
		9C0ADE67200E09C600352592 /* image4.jpg */ = {isa = PBXFileReference; lastKnownFileType = image.jpeg; path = image4.jpg; sourceTree = "<group>"; };
		9C0ADE68200E09C600352592 /* LaunchImageAd.json */ = {isa = PBXFileReference; fileEncoding = 4; lastKnownFileType = text.json; path = LaunchImageAd.json; sourceTree = "<group>"; };
		9C0ADE69200E09C600352592 /* LaunchVideoAd.json */ = {isa = PBXFileReference; fileEncoding = 4; lastKnownFileType = text.json; path = LaunchVideoAd.json; sourceTree = "<group>"; };
		9C0ADE6A200E09C600352592 /* video0.mp4 */ = {isa = PBXFileReference; lastKnownFileType = file; path = video0.mp4; sourceTree = "<group>"; };
		9C0ADE6B200E09C600352592 /* video1.mp4 */ = {isa = PBXFileReference; lastKnownFileType = file; path = video1.mp4; sourceTree = "<group>"; };
		9C133007200DC627004A4DB1 /* UIButton+EnlargeEdge.h */ = {isa = PBXFileReference; lastKnownFileType = sourcecode.c.h; path = "UIButton+EnlargeEdge.h"; sourceTree = "<group>"; };
		9C133008200DC627004A4DB1 /* UIButton+EnlargeEdge.m */ = {isa = PBXFileReference; lastKnownFileType = sourcecode.c.objc; path = "UIButton+EnlargeEdge.m"; sourceTree = "<group>"; };
		9C420A941FA9AB7000DBA3DC /* ModelConfig.h */ = {isa = PBXFileReference; lastKnownFileType = sourcecode.c.h; path = ModelConfig.h; sourceTree = "<group>"; };
		9C467EF11FA7085400717FDC /* test2ViewController.h */ = {isa = PBXFileReference; lastKnownFileType = sourcecode.c.h; path = test2ViewController.h; sourceTree = "<group>"; };
		9C467EF21FA7085400717FDC /* test2ViewController.m */ = {isa = PBXFileReference; lastKnownFileType = sourcecode.c.objc; path = test2ViewController.m; sourceTree = "<group>"; };
		9C71D2F320076554006B26EE /* UICollectionView+XY.h */ = {isa = PBXFileReference; fileEncoding = 4; lastKnownFileType = sourcecode.c.h; path = "UICollectionView+XY.h"; sourceTree = "<group>"; };
		9C71D2F420076554006B26EE /* UICollectionView+XY.m */ = {isa = PBXFileReference; fileEncoding = 4; lastKnownFileType = sourcecode.c.objc; path = "UICollectionView+XY.m"; sourceTree = "<group>"; };
		9C71D2F520076554006B26EE /* UITableView+XY.h */ = {isa = PBXFileReference; fileEncoding = 4; lastKnownFileType = sourcecode.c.h; path = "UITableView+XY.h"; sourceTree = "<group>"; };
		9C71D2F620076554006B26EE /* UITableView+XY.m */ = {isa = PBXFileReference; fileEncoding = 4; lastKnownFileType = sourcecode.c.objc; path = "UITableView+XY.m"; sourceTree = "<group>"; };
		9C71D2F720076554006B26EE /* XYNoDataView.h */ = {isa = PBXFileReference; fileEncoding = 4; lastKnownFileType = sourcecode.c.h; path = XYNoDataView.h; sourceTree = "<group>"; };
		9C71D2F820076554006B26EE /* XYNoDataView.m */ = {isa = PBXFileReference; fileEncoding = 4; lastKnownFileType = sourcecode.c.objc; path = XYNoDataView.m; sourceTree = "<group>"; };
		9C88DF7D1FB58FE80023E332 /* ADPlist.plist */ = {isa = PBXFileReference; fileEncoding = 4; lastKnownFileType = text.plist.xml; path = ADPlist.plist; sourceTree = "<group>"; };
		9C88DF7F1FB595FE0023E332 /* ZTMessageADMoudle.h */ = {isa = PBXFileReference; lastKnownFileType = sourcecode.c.h; path = ZTMessageADMoudle.h; sourceTree = "<group>"; };
		9C88DF801FB595FE0023E332 /* ZTMessageADMoudle.m */ = {isa = PBXFileReference; lastKnownFileType = sourcecode.c.objc; path = ZTMessageADMoudle.m; sourceTree = "<group>"; };
		9C9BBB581FA1EF49003EBD3A /* CategoryConfig.h */ = {isa = PBXFileReference; fileEncoding = 4; lastKnownFileType = sourcecode.c.h; path = CategoryConfig.h; sourceTree = "<group>"; };
		9C9BBB591FA1EF49003EBD3A /* CustomVerticalLabel+Extension.h */ = {isa = PBXFileReference; fileEncoding = 4; lastKnownFileType = sourcecode.c.h; path = "CustomVerticalLabel+Extension.h"; sourceTree = "<group>"; };
		9C9BBB5A1FA1EF49003EBD3A /* CustomVerticalLabel+Extension.m */ = {isa = PBXFileReference; fileEncoding = 4; lastKnownFileType = sourcecode.c.objc; path = "CustomVerticalLabel+Extension.m"; sourceTree = "<group>"; };
		9C9BBB5B1FA1EF49003EBD3A /* NSArray+Safe.h */ = {isa = PBXFileReference; fileEncoding = 4; lastKnownFileType = sourcecode.c.h; path = "NSArray+Safe.h"; sourceTree = "<group>"; };
		9C9BBB5C1FA1EF49003EBD3A /* NSArray+Safe.m */ = {isa = PBXFileReference; fileEncoding = 4; lastKnownFileType = sourcecode.c.objc; path = "NSArray+Safe.m"; sourceTree = "<group>"; };
		9C9BBB5D1FA1EF49003EBD3A /* NSDictionary+Safe.h */ = {isa = PBXFileReference; fileEncoding = 4; lastKnownFileType = sourcecode.c.h; path = "NSDictionary+Safe.h"; sourceTree = "<group>"; };
		9C9BBB5E1FA1EF49003EBD3A /* NSDictionary+Safe.m */ = {isa = PBXFileReference; fileEncoding = 4; lastKnownFileType = sourcecode.c.objc; path = "NSDictionary+Safe.m"; sourceTree = "<group>"; };
		9C9BBB5F1FA1EF49003EBD3A /* NSString+extension.h */ = {isa = PBXFileReference; fileEncoding = 4; lastKnownFileType = sourcecode.c.h; path = "NSString+extension.h"; sourceTree = "<group>"; };
		9C9BBB601FA1EF49003EBD3A /* NSString+extension.m */ = {isa = PBXFileReference; fileEncoding = 4; lastKnownFileType = sourcecode.c.objc; path = "NSString+extension.m"; sourceTree = "<group>"; };
		9C9BBB611FA1EF49003EBD3A /* UIButton+Extension.h */ = {isa = PBXFileReference; fileEncoding = 4; lastKnownFileType = sourcecode.c.h; path = "UIButton+Extension.h"; sourceTree = "<group>"; };
		9C9BBB621FA1EF49003EBD3A /* UIButton+Extension.m */ = {isa = PBXFileReference; fileEncoding = 4; lastKnownFileType = sourcecode.c.objc; path = "UIButton+Extension.m"; sourceTree = "<group>"; };
		9C9BBB631FA1EF49003EBD3A /* UIColor+colorWithHexString.h */ = {isa = PBXFileReference; fileEncoding = 4; lastKnownFileType = sourcecode.c.h; path = "UIColor+colorWithHexString.h"; sourceTree = "<group>"; };
		9C9BBB641FA1EF49003EBD3A /* UIColor+colorWithHexString.m */ = {isa = PBXFileReference; fileEncoding = 4; lastKnownFileType = sourcecode.c.objc; path = "UIColor+colorWithHexString.m"; sourceTree = "<group>"; };
		9C9BBB651FA1EF49003EBD3A /* UIColor+Random.h */ = {isa = PBXFileReference; fileEncoding = 4; lastKnownFileType = sourcecode.c.h; path = "UIColor+Random.h"; sourceTree = "<group>"; };
		9C9BBB661FA1EF49003EBD3A /* UIColor+Random.m */ = {isa = PBXFileReference; fileEncoding = 4; lastKnownFileType = sourcecode.c.objc; path = "UIColor+Random.m"; sourceTree = "<group>"; };
		9C9BBB671FA1EF49003EBD3A /* UIImage+ZTHColor.h */ = {isa = PBXFileReference; fileEncoding = 4; lastKnownFileType = sourcecode.c.h; path = "UIImage+ZTHColor.h"; sourceTree = "<group>"; };
		9C9BBB681FA1EF49003EBD3A /* UIImage+ZTHColor.m */ = {isa = PBXFileReference; fileEncoding = 4; lastKnownFileType = sourcecode.c.objc; path = "UIImage+ZTHColor.m"; sourceTree = "<group>"; };
		9C9BBB6D1FA1EF49003EBD3A /* UIView+Expansion.h */ = {isa = PBXFileReference; fileEncoding = 4; lastKnownFileType = sourcecode.c.h; path = "UIView+Expansion.h"; sourceTree = "<group>"; };
		9C9BBB6E1FA1EF49003EBD3A /* UIView+Expansion.m */ = {isa = PBXFileReference; fileEncoding = 4; lastKnownFileType = sourcecode.c.objc; path = "UIView+Expansion.m"; sourceTree = "<group>"; };
		9C9BBB7B1FA1EFD6003EBD3A /* RootViewController.h */ = {isa = PBXFileReference; fileEncoding = 4; lastKnownFileType = sourcecode.c.h; path = RootViewController.h; sourceTree = "<group>"; };
		9C9BBB7C1FA1EFD6003EBD3A /* RootViewController.m */ = {isa = PBXFileReference; fileEncoding = 4; lastKnownFileType = sourcecode.c.objc; path = RootViewController.m; sourceTree = "<group>"; };
		9C9BBB7F1FA1F00B003EBD3A /* LoginViewController.h */ = {isa = PBXFileReference; fileEncoding = 4; lastKnownFileType = sourcecode.c.h; path = LoginViewController.h; sourceTree = "<group>"; };
		9C9BBB801FA1F00B003EBD3A /* LoginViewController.m */ = {isa = PBXFileReference; fileEncoding = 4; lastKnownFileType = sourcecode.c.objc; path = LoginViewController.m; sourceTree = "<group>"; };
		9C9BBB821FA1F033003EBD3A /* AppDelegate+GoViewController.m */ = {isa = PBXFileReference; fileEncoding = 4; lastKnownFileType = sourcecode.c.objc; path = "AppDelegate+GoViewController.m"; sourceTree = "<group>"; };
		9C9BBB831FA1F033003EBD3A /* AppDelegate+GoViewController.h */ = {isa = PBXFileReference; fileEncoding = 4; lastKnownFileType = sourcecode.c.h; path = "AppDelegate+GoViewController.h"; sourceTree = "<group>"; };
		9CFBE68A1F59388400701BAF /* NullSafe.m */ = {isa = PBXFileReference; fileEncoding = 4; lastKnownFileType = sourcecode.c.objc; path = NullSafe.m; sourceTree = "<group>"; };
/* End PBXFileReference section */

/* Begin PBXFrameworksBuildPhase section */
		390699A31DC08DC9005FE694 /* Frameworks */ = {
			isa = PBXFrameworksBuildPhase;
			buildActionMask = 2147483647;
			files = (
				4E76F823758DDF053D5CB505 /* libPods-MyProject.a in Frameworks */,
			);
			runOnlyForDeploymentPostprocessing = 0;
		};
/* End PBXFrameworksBuildPhase section */

/* Begin PBXGroup section */
		3906999D1DC08DC9005FE694 = {
			isa = PBXGroup;
			children = (
				390699A81DC08DC9005FE694 /* MyProject */,
				390699A71DC08DC9005FE694 /* Products */,
				89339B53953BA95D3CD8CB12 /* Pods */,
				4B130DE2D9F5B6D71371E584 /* Frameworks */,
			);
			sourceTree = "<group>";
		};
		390699A71DC08DC9005FE694 /* Products */ = {
			isa = PBXGroup;
			children = (
				390699A61DC08DC9005FE694 /* MyProject.app */,
			);
			name = Products;
			sourceTree = "<group>";
		};
		390699A81DC08DC9005FE694 /* MyProject */ = {
			isa = PBXGroup;
			children = (
				39AFFAAF1DCC6D0900FB39A5 /* MyProject.entitlements */,
				9C0ADE60200E09C600352592 /* Source */,
				390699C21DC08EC7005FE694 /* UI */,
				390699C01DC08EC7005FE694 /* BLL */,
				390699C11DC08EC7005FE694 /* Comm */,
				9C9BBB571FA1EF49003EBD3A /* Category */,
				9C9BBB7A1FA1EFD6003EBD3A /* RootViewController */,
				390699AC1DC08DC9005FE694 /* AppDelegate.h */,
				390699AD1DC08DC9005FE694 /* AppDelegate.m */,
				390699AF1DC08DC9005FE694 /* ViewController.h */,
				390699B01DC08DC9005FE694 /* ViewController.m */,
				9C0529671FA2D94C0030E0E2 /* test1ViewController.h */,
				9C0529681FA2D94C0030E0E2 /* test1ViewController.m */,
				9C467EF11FA7085400717FDC /* test2ViewController.h */,
				9C467EF21FA7085400717FDC /* test2ViewController.m */,
				9C88DF7F1FB595FE0023E332 /* ZTMessageADMoudle.h */,
				9C88DF801FB595FE0023E332 /* ZTMessageADMoudle.m */,
				39E55ADD1E261069009AB78E /* AFHttpRequest+Test.h */,
				39E55ADE1E261069009AB78E /* AFHttpRequest+Test.m */,
				390699B21DC08DC9005FE694 /* Main.storyboard */,
				390699B51DC08DC9005FE694 /* Assets.xcassets */,
				390699B71DC08DC9005FE694 /* LaunchScreen.storyboard */,
				390699BA1DC08DC9005FE694 /* Info.plist */,
				9C88DF7D1FB58FE80023E332 /* ADPlist.plist */,
				390699A91DC08DC9005FE694 /* Supporting Files */,
			);
			path = MyProject;
			sourceTree = "<group>";
		};
		390699A91DC08DC9005FE694 /* Supporting Files */ = {
			isa = PBXGroup;
			children = (
				390699AA1DC08DC9005FE694 /* main.m */,
				39B32FE91DC0A9F8000F7389 /* MyProject-pch.pch */,
			);
			name = "Supporting Files";
			sourceTree = "<group>";
		};
		390699C01DC08EC7005FE694 /* BLL */ = {
			isa = PBXGroup;
			children = (
				9C420A901FA9AB4B00DBA3DC /* Model */,
				396634961DC0A28200F22D27 /* BLLConfig.h */,
				39B330081DC0C118000F7389 /* AFRequest.h */,
				39B330091DC0C118000F7389 /* AFRequest.m */,
				39B3300B1DC0C138000F7389 /* AFHttpRequest.h */,
				39B3300C1DC0C138000F7389 /* AFHttpRequest.m */,
			);
			path = BLL;
			sourceTree = "<group>";
		};
		390699C11DC08EC7005FE694 /* Comm */ = {
			isa = PBXGroup;
			children = (
				396634971DC0A28C00F22D27 /* Commonfig.h */,
				9CFBE68A1F59388400701BAF /* NullSafe.m */,
				394701DB1DCC60F7003D6AF2 /* Utils.h */,
				394701DC1DCC60F7003D6AF2 /* Utils.m */,
				394701DE1DCC6112003D6AF2 /* Libary */,
				39B330031DC0BCC4000F7389 /* GlobalData */,
			);
			path = Comm;
			sourceTree = "<group>";
		};
		390699C21DC08EC7005FE694 /* UI */ = {
			isa = PBXGroup;
			children = (
				396634781DC09FF700F22D27 /* UIConfig.h */,
				9C9BBB7E1FA1F00B003EBD3A /* ViewController */,
				39B32FF21DC0AFFD000F7389 /* BaseViewController */,
				3966348F1DC0A23B00F22D27 /* CustomView */,
			);
			path = UI;
			sourceTree = "<group>";
		};
		394701DE1DCC6112003D6AF2 /* Libary */ = {
			isa = PBXGroup;
			children = (
				9C71D2F220076554006B26EE /* XYTableViewNoDataView */,
				394701DF1DCC6226003D6AF2 /* UUIDShortener */,
			);
			path = Libary;
			sourceTree = "<group>";
		};
		394701DF1DCC6226003D6AF2 /* UUIDShortener */ = {
			isa = PBXGroup;
			children = (
				394701E01DCC6226003D6AF2 /* UUIDShortener.h */,
				394701E11DCC6226003D6AF2 /* UUIDShortener.m */,
			);
			path = UUIDShortener;
			sourceTree = "<group>";
		};
		3966348F1DC0A23B00F22D27 /* CustomView */ = {
			isa = PBXGroup;
			children = (
				39B32FF91DC0B192000F7389 /* CustNavigationBar.h */,
				39B32FFA1DC0B192000F7389 /* CustNavigationBar.m */,
				396634901DC0A25200F22D27 /* CustomTextField.h */,
				396634911DC0A25200F22D27 /* CustomTextField.m */,
				396634921DC0A25200F22D27 /* CustomVerticalLabel.h */,
				396634931DC0A25200F22D27 /* CustomVerticalLabel.m */,
				393E8AC61EE6A3A900DD7E8F /* LoadingHUD.h */,
				393E8AC71EE6A3A900DD7E8F /* LoadingHUD.m */,
			);
			path = CustomView;
			sourceTree = "<group>";
		};
		39B32FF21DC0AFFD000F7389 /* BaseViewController */ = {
			isa = PBXGroup;
			children = (
				39B32FF31DC0B01D000F7389 /* BaseViewController.h */,
				39B32FF41DC0B01D000F7389 /* BaseViewController.m */,
				39B32FF61DC0B0A1000F7389 /* BaseNormalViewController.h */,
				39B32FF71DC0B0A1000F7389 /* BaseNormalViewController.m */,
			);
			path = BaseViewController;
			sourceTree = "<group>";
		};
		39B330031DC0BCC4000F7389 /* GlobalData */ = {
			isa = PBXGroup;
			children = (
				39B330041DC0BCC4000F7389 /* GlobalShare.h */,
				39B330051DC0BCC4000F7389 /* GlobalShare.m */,
			);
			path = GlobalData;
			sourceTree = "<group>";
		};
		4B130DE2D9F5B6D71371E584 /* Frameworks */ = {
			isa = PBXGroup;
			children = (
				8E088CDF3DEE8172DB44AD74 /* libPods-MyProject.a */,
			);
			name = Frameworks;
			sourceTree = "<group>";
		};
		89339B53953BA95D3CD8CB12 /* Pods */ = {
			isa = PBXGroup;
			children = (
				9412BD434C4219A816B9D097 /* Pods-MyProject.debug.xcconfig */,
				655EC51DDC46CAD441569862 /* Pods-MyProject.release.xcconfig */,
			);
			name = Pods;
			sourceTree = "<group>";
		};
		9C0ADE60200E09C600352592 /* Source */ = {
			isa = PBXGroup;
			children = (
				9C0ADE61200E09C600352592 /* image0.jpg */,
				9C0ADE62200E09C600352592 /* image1.jpg */,
				9C0ADE63200E09C600352592 /* image11.gif */,
				9C0ADE64200E09C600352592 /* image12.gif */,
				9C0ADE65200E09C600352592 /* image2.jpg */,
				9C0ADE66200E09C600352592 /* image3.jpg */,
				9C0ADE67200E09C600352592 /* image4.jpg */,
				9C0ADE68200E09C600352592 /* LaunchImageAd.json */,
				9C0ADE69200E09C600352592 /* LaunchVideoAd.json */,
				9C0ADE6A200E09C600352592 /* video0.mp4 */,
				9C0ADE6B200E09C600352592 /* video1.mp4 */,
			);
			path = Source;
			sourceTree = "<group>";
		};
		9C420A901FA9AB4B00DBA3DC /* Model */ = {
			isa = PBXGroup;
			children = (
				9C420A941FA9AB7000DBA3DC /* ModelConfig.h */,
			);
			path = Model;
			sourceTree = "<group>";
		};
		9C71D2F220076554006B26EE /* XYTableViewNoDataView */ = {
			isa = PBXGroup;
			children = (
				9C71D2F320076554006B26EE /* UICollectionView+XY.h */,
				9C71D2F420076554006B26EE /* UICollectionView+XY.m */,
				9C71D2F520076554006B26EE /* UITableView+XY.h */,
				9C71D2F620076554006B26EE /* UITableView+XY.m */,
				9C71D2F720076554006B26EE /* XYNoDataView.h */,
				9C71D2F820076554006B26EE /* XYNoDataView.m */,
			);
			path = XYTableViewNoDataView;
			sourceTree = "<group>";
		};
		9C9BBB571FA1EF49003EBD3A /* Category */ = {
			isa = PBXGroup;
			children = (
				9C9BBB581FA1EF49003EBD3A /* CategoryConfig.h */,
				9C9BBB831FA1F033003EBD3A /* AppDelegate+GoViewController.h */,
				9C9BBB821FA1F033003EBD3A /* AppDelegate+GoViewController.m */,
				9C9BBB591FA1EF49003EBD3A /* CustomVerticalLabel+Extension.h */,
				9C9BBB5A1FA1EF49003EBD3A /* CustomVerticalLabel+Extension.m */,
				9C9BBB5B1FA1EF49003EBD3A /* NSArray+Safe.h */,
				9C9BBB5C1FA1EF49003EBD3A /* NSArray+Safe.m */,
				9C9BBB5D1FA1EF49003EBD3A /* NSDictionary+Safe.h */,
				9C9BBB5E1FA1EF49003EBD3A /* NSDictionary+Safe.m */,
				9C9BBB5F1FA1EF49003EBD3A /* NSString+extension.h */,
				9C9BBB601FA1EF49003EBD3A /* NSString+extension.m */,
				9C9BBB611FA1EF49003EBD3A /* UIButton+Extension.h */,
				9C9BBB621FA1EF49003EBD3A /* UIButton+Extension.m */,
				9C133007200DC627004A4DB1 /* UIButton+EnlargeEdge.h */,
				9C133008200DC627004A4DB1 /* UIButton+EnlargeEdge.m */,
				9C9BBB631FA1EF49003EBD3A /* UIColor+colorWithHexString.h */,
				9C9BBB641FA1EF49003EBD3A /* UIColor+colorWithHexString.m */,
				9C9BBB651FA1EF49003EBD3A /* UIColor+Random.h */,
				9C9BBB661FA1EF49003EBD3A /* UIColor+Random.m */,
				9C9BBB671FA1EF49003EBD3A /* UIImage+ZTHColor.h */,
				9C9BBB681FA1EF49003EBD3A /* UIImage+ZTHColor.m */,
				9C9BBB6D1FA1EF49003EBD3A /* UIView+Expansion.h */,
				9C9BBB6E1FA1EF49003EBD3A /* UIView+Expansion.m */,
			);
			path = Category;
			sourceTree = "<group>";
		};
		9C9BBB7A1FA1EFD6003EBD3A /* RootViewController */ = {
			isa = PBXGroup;
			children = (
				9C9BBB7B1FA1EFD6003EBD3A /* RootViewController.h */,
				9C9BBB7C1FA1EFD6003EBD3A /* RootViewController.m */,
			);
			path = RootViewController;
			sourceTree = "<group>";
		};
		9C9BBB7E1FA1F00B003EBD3A /* ViewController */ = {
			isa = PBXGroup;
			children = (
				9C9BBB7F1FA1F00B003EBD3A /* LoginViewController.h */,
				9C9BBB801FA1F00B003EBD3A /* LoginViewController.m */,
			);
			path = ViewController;
			sourceTree = "<group>";
		};
/* End PBXGroup section */

/* Begin PBXNativeTarget section */
		390699A51DC08DC9005FE694 /* MyProject */ = {
			isa = PBXNativeTarget;
			buildConfigurationList = 390699BD1DC08DC9005FE694 /* Build configuration list for PBXNativeTarget "MyProject" */;
			buildPhases = (
				A124B5AAABE354233B0455AB /* [CP] Check Pods Manifest.lock */,
				390699A21DC08DC9005FE694 /* Sources */,
				390699A31DC08DC9005FE694 /* Frameworks */,
				390699A41DC08DC9005FE694 /* Resources */,
				D50784DAF049672683158DAA /* [CP] Embed Pods Frameworks */,
				55D5A47508C6795CF1EC6DB7 /* [CP] Copy Pods Resources */,
			);
			buildRules = (
			);
			dependencies = (
			);
			name = MyProject;
			productName = MyProject;
			productReference = 390699A61DC08DC9005FE694 /* MyProject.app */;
			productType = "com.apple.product-type.application";
		};
/* End PBXNativeTarget section */

/* Begin PBXProject section */
		3906999E1DC08DC9005FE694 /* Project object */ = {
			isa = PBXProject;
			attributes = {
				LastUpgradeCheck = 0900;
				ORGANIZATIONNAME = sike;
				TargetAttributes = {
					390699A51DC08DC9005FE694 = {
						CreatedOnToolsVersion = 8.0;
						DevelopmentTeam = GT496M7LMJ;
						ProvisioningStyle = Automatic;
						SystemCapabilities = {
							com.apple.Keychain = {
								enabled = 1;
							};
							com.apple.Push = {
								enabled = 0;
							};
						};
					};
				};
			};
			buildConfigurationList = 390699A11DC08DC9005FE694 /* Build configuration list for PBXProject "MyProject" */;
			compatibilityVersion = "Xcode 3.2";
			developmentRegion = English;
			hasScannedForEncodings = 0;
			knownRegions = (
				en,
				Base,
			);
			mainGroup = 3906999D1DC08DC9005FE694;
			productRefGroup = 390699A71DC08DC9005FE694 /* Products */;
			projectDirPath = "";
			projectRoot = "";
			targets = (
				390699A51DC08DC9005FE694 /* MyProject */,
			);
		};
/* End PBXProject section */

/* Begin PBXResourcesBuildPhase section */
		390699A41DC08DC9005FE694 /* Resources */ = {
			isa = PBXResourcesBuildPhase;
			buildActionMask = 2147483647;
			files = (
				9C0ADE6E200E09C600352592 /* image11.gif in Resources */,
				9C0ADE73200E09C600352592 /* LaunchImageAd.json in Resources */,
				9C0ADE75200E09C600352592 /* video0.mp4 in Resources */,
				9C0ADE76200E09C600352592 /* video1.mp4 in Resources */,
				9C0ADE72200E09C600352592 /* image4.jpg in Resources */,
				9C0ADE71200E09C600352592 /* image3.jpg in Resources */,
				9C88DF7E1FB58FE80023E332 /* ADPlist.plist in Resources */,
				9C0ADE6C200E09C600352592 /* image0.jpg in Resources */,
				390699B91DC08DC9005FE694 /* LaunchScreen.storyboard in Resources */,
				9C0ADE70200E09C600352592 /* image2.jpg in Resources */,
				9C0ADE74200E09C600352592 /* LaunchVideoAd.json in Resources */,
				390699B61DC08DC9005FE694 /* Assets.xcassets in Resources */,
				9C0ADE6F200E09C600352592 /* image12.gif in Resources */,
				390699B41DC08DC9005FE694 /* Main.storyboard in Resources */,
				9C0ADE6D200E09C600352592 /* image1.jpg in Resources */,
			);
			runOnlyForDeploymentPostprocessing = 0;
		};
/* End PBXResourcesBuildPhase section */

/* Begin PBXShellScriptBuildPhase section */
		55D5A47508C6795CF1EC6DB7 /* [CP] Copy Pods Resources */ = {
			isa = PBXShellScriptBuildPhase;
			buildActionMask = 2147483647;
			files = (
			);
			inputPaths = (
			);
			name = "[CP] Copy Pods Resources";
			outputPaths = (
			);
			runOnlyForDeploymentPostprocessing = 0;
			shellPath = /bin/sh;
			shellScript = "\"${SRCROOT}/Pods/Target Support Files/Pods-MyProject/Pods-MyProject-resources.sh\"\n";
			showEnvVarsInLog = 0;
		};
		A124B5AAABE354233B0455AB /* [CP] Check Pods Manifest.lock */ = {
			isa = PBXShellScriptBuildPhase;
			buildActionMask = 2147483647;
			files = (
			);
			inputPaths = (
			);
			name = "[CP] Check Pods Manifest.lock";
			outputPaths = (
			);
			runOnlyForDeploymentPostprocessing = 0;
			shellPath = /bin/sh;
			shellScript = "diff \"${PODS_PODFILE_DIR_PATH}/Podfile.lock\" \"${PODS_ROOT}/Manifest.lock\" > /dev/null\nif [ $? != 0 ] ; then\n    # print error to STDERR\n    echo \"error: The sandbox is not in sync with the Podfile.lock. Run 'pod install' or update your CocoaPods installation.\" >&2\n    exit 1\nfi\n";
			showEnvVarsInLog = 0;
		};
		D50784DAF049672683158DAA /* [CP] Embed Pods Frameworks */ = {
			isa = PBXShellScriptBuildPhase;
			buildActionMask = 2147483647;
			files = (
			);
			inputPaths = (
			);
			name = "[CP] Embed Pods Frameworks";
			outputPaths = (
			);
			runOnlyForDeploymentPostprocessing = 0;
			shellPath = /bin/sh;
			shellScript = "\"${SRCROOT}/Pods/Target Support Files/Pods-MyProject/Pods-MyProject-frameworks.sh\"\n";
			showEnvVarsInLog = 0;
		};
/* End PBXShellScriptBuildPhase section */

/* Begin PBXSourcesBuildPhase section */
		390699A21DC08DC9005FE694 /* Sources */ = {
			isa = PBXSourcesBuildPhase;
			buildActionMask = 2147483647;
			files = (
				390699B11DC08DC9005FE694 /* ViewController.m in Sources */,
				9C467EF31FA7085400717FDC /* test2ViewController.m in Sources */,
				9C71D2FB20076554006B26EE /* XYNoDataView.m in Sources */,
				39B330061DC0BCC4000F7389 /* GlobalShare.m in Sources */,
				396634941DC0A25200F22D27 /* CustomTextField.m in Sources */,
				390699AE1DC08DC9005FE694 /* AppDelegate.m in Sources */,
				394701E21DCC6226003D6AF2 /* UUIDShortener.m in Sources */,
				9C133009200DC627004A4DB1 /* UIButton+EnlargeEdge.m in Sources */,
				39E55ADF1E261069009AB78E /* AFHttpRequest+Test.m in Sources */,
				9C9BBB761FA1EF49003EBD3A /* UIImage+ZTHColor.m in Sources */,
				396634951DC0A25200F22D27 /* CustomVerticalLabel.m in Sources */,
				39B32FFB1DC0B192000F7389 /* CustNavigationBar.m in Sources */,
				39B32FF81DC0B0A1000F7389 /* BaseNormalViewController.m in Sources */,
				394701DD1DCC60F7003D6AF2 /* Utils.m in Sources */,
				9C71D2FA20076554006B26EE /* UITableView+XY.m in Sources */,
				9C9BBB841FA1F033003EBD3A /* AppDelegate+GoViewController.m in Sources */,
				39B32FF51DC0B01D000F7389 /* BaseViewController.m in Sources */,
				9C9BBB7D1FA1EFD6003EBD3A /* RootViewController.m in Sources */,
				9C9BBB811FA1F00B003EBD3A /* LoginViewController.m in Sources */,
				9C9BBB701FA1EF49003EBD3A /* NSArray+Safe.m in Sources */,
				9C71D2F920076554006B26EE /* UICollectionView+XY.m in Sources */,
				390699AB1DC08DC9005FE694 /* main.m in Sources */,
				9C9BBB721FA1EF49003EBD3A /* NSString+extension.m in Sources */,
				9CFBE68B1F59388400701BAF /* NullSafe.m in Sources */,
				9C9BBB791FA1EF49003EBD3A /* UIView+Expansion.m in Sources */,
				39B3300D1DC0C138000F7389 /* AFHttpRequest.m in Sources */,
				9C88DF811FB595FE0023E332 /* ZTMessageADMoudle.m in Sources */,
				393E8AC81EE6A3A900DD7E8F /* LoadingHUD.m in Sources */,
				9C9BBB751FA1EF49003EBD3A /* UIColor+Random.m in Sources */,
				9C9BBB741FA1EF49003EBD3A /* UIColor+colorWithHexString.m in Sources */,
				9C9BBB731FA1EF49003EBD3A /* UIButton+Extension.m in Sources */,
				9C0529691FA2D94C0030E0E2 /* test1ViewController.m in Sources */,
				9C9BBB711FA1EF49003EBD3A /* NSDictionary+Safe.m in Sources */,
				39B3300A1DC0C118000F7389 /* AFRequest.m in Sources */,
				9C9BBB6F1FA1EF49003EBD3A /* CustomVerticalLabel+Extension.m in Sources */,
			);
			runOnlyForDeploymentPostprocessing = 0;
		};
/* End PBXSourcesBuildPhase section */

/* Begin PBXVariantGroup section */
		390699B21DC08DC9005FE694 /* Main.storyboard */ = {
			isa = PBXVariantGroup;
			children = (
				390699B31DC08DC9005FE694 /* Base */,
			);
			name = Main.storyboard;
			sourceTree = "<group>";
		};
		390699B71DC08DC9005FE694 /* LaunchScreen.storyboard */ = {
			isa = PBXVariantGroup;
			children = (
				390699B81DC08DC9005FE694 /* Base */,
			);
			name = LaunchScreen.storyboard;
			sourceTree = "<group>";
		};
/* End PBXVariantGroup section */

/* Begin XCBuildConfiguration section */
		390699BB1DC08DC9005FE694 /* Debug */ = {
			isa = XCBuildConfiguration;
			buildSettings = {
				ALWAYS_SEARCH_USER_PATHS = NO;
				CLANG_ANALYZER_NONNULL = YES;
				CLANG_CXX_LANGUAGE_STANDARD = "gnu++0x";
				CLANG_CXX_LIBRARY = "libc++";
				CLANG_ENABLE_MODULES = YES;
				CLANG_ENABLE_OBJC_ARC = YES;
				CLANG_WARN_BLOCK_CAPTURE_AUTORELEASING = YES;
				CLANG_WARN_BOOL_CONVERSION = YES;
				CLANG_WARN_COMMA = YES;
				CLANG_WARN_CONSTANT_CONVERSION = YES;
				CLANG_WARN_DIRECT_OBJC_ISA_USAGE = YES_ERROR;
				CLANG_WARN_DOCUMENTATION_COMMENTS = YES;
				CLANG_WARN_EMPTY_BODY = YES;
				CLANG_WARN_ENUM_CONVERSION = YES;
				CLANG_WARN_INFINITE_RECURSION = YES;
				CLANG_WARN_INT_CONVERSION = YES;
				CLANG_WARN_NON_LITERAL_NULL_CONVERSION = YES;
				CLANG_WARN_OBJC_LITERAL_CONVERSION = YES;
				CLANG_WARN_OBJC_ROOT_CLASS = YES_ERROR;
				CLANG_WARN_RANGE_LOOP_ANALYSIS = YES;
				CLANG_WARN_STRICT_PROTOTYPES = YES;
				CLANG_WARN_SUSPICIOUS_MOVE = YES;
				CLANG_WARN_SUSPICIOUS_MOVES = YES;
				CLANG_WARN_UNREACHABLE_CODE = YES;
				CLANG_WARN__DUPLICATE_METHOD_MATCH = YES;
				"CODE_SIGN_IDENTITY[sdk=iphoneos*]" = "iPhone Developer";
				COPY_PHASE_STRIP = NO;
				DEBUG_INFORMATION_FORMAT = dwarf;
				ENABLE_STRICT_OBJC_MSGSEND = YES;
				ENABLE_TESTABILITY = YES;
				GCC_C_LANGUAGE_STANDARD = gnu99;
				GCC_DYNAMIC_NO_PIC = NO;
				GCC_NO_COMMON_BLOCKS = YES;
				GCC_OPTIMIZATION_LEVEL = 0;
				GCC_PRECOMPILE_PREFIX_HEADER = NO;
				GCC_PREFIX_HEADER = "";
				GCC_PREPROCESSOR_DEFINITIONS = (
					"DEBUG=1",
					"$(inherited)",
				);
				GCC_WARN_64_TO_32_BIT_CONVERSION = YES;
				GCC_WARN_ABOUT_RETURN_TYPE = YES_ERROR;
				GCC_WARN_UNDECLARED_SELECTOR = YES;
				GCC_WARN_UNINITIALIZED_AUTOS = YES_AGGRESSIVE;
				GCC_WARN_UNUSED_FUNCTION = YES;
				GCC_WARN_UNUSED_VARIABLE = YES;
				IPHONEOS_DEPLOYMENT_TARGET = 8.0;
				MTL_ENABLE_DEBUG_INFO = YES;
				ONLY_ACTIVE_ARCH = YES;
				SDKROOT = iphoneos;
			};
			name = Debug;
		};
		390699BC1DC08DC9005FE694 /* Release */ = {
			isa = XCBuildConfiguration;
			buildSettings = {
				ALWAYS_SEARCH_USER_PATHS = NO;
				CLANG_ANALYZER_NONNULL = YES;
				CLANG_CXX_LANGUAGE_STANDARD = "gnu++0x";
				CLANG_CXX_LIBRARY = "libc++";
				CLANG_ENABLE_MODULES = YES;
				CLANG_ENABLE_OBJC_ARC = YES;
				CLANG_WARN_BLOCK_CAPTURE_AUTORELEASING = YES;
				CLANG_WARN_BOOL_CONVERSION = YES;
				CLANG_WARN_COMMA = YES;
				CLANG_WARN_CONSTANT_CONVERSION = YES;
				CLANG_WARN_DIRECT_OBJC_ISA_USAGE = YES_ERROR;
				CLANG_WARN_DOCUMENTATION_COMMENTS = YES;
				CLANG_WARN_EMPTY_BODY = YES;
				CLANG_WARN_ENUM_CONVERSION = YES;
				CLANG_WARN_INFINITE_RECURSION = YES;
				CLANG_WARN_INT_CONVERSION = YES;
				CLANG_WARN_NON_LITERAL_NULL_CONVERSION = YES;
				CLANG_WARN_OBJC_LITERAL_CONVERSION = YES;
				CLANG_WARN_OBJC_ROOT_CLASS = YES_ERROR;
				CLANG_WARN_RANGE_LOOP_ANALYSIS = YES;
				CLANG_WARN_STRICT_PROTOTYPES = YES;
				CLANG_WARN_SUSPICIOUS_MOVE = YES;
				CLANG_WARN_SUSPICIOUS_MOVES = YES;
				CLANG_WARN_UNREACHABLE_CODE = YES;
				CLANG_WARN__DUPLICATE_METHOD_MATCH = YES;
				"CODE_SIGN_IDENTITY[sdk=iphoneos*]" = "iPhone Developer";
				COPY_PHASE_STRIP = NO;
				DEBUG_INFORMATION_FORMAT = "dwarf-with-dsym";
				ENABLE_NS_ASSERTIONS = NO;
				ENABLE_STRICT_OBJC_MSGSEND = YES;
				GCC_C_LANGUAGE_STANDARD = gnu99;
				GCC_NO_COMMON_BLOCKS = YES;
				GCC_PRECOMPILE_PREFIX_HEADER = NO;
				GCC_PREFIX_HEADER = "";
				GCC_WARN_64_TO_32_BIT_CONVERSION = YES;
				GCC_WARN_ABOUT_RETURN_TYPE = YES_ERROR;
				GCC_WARN_UNDECLARED_SELECTOR = YES;
				GCC_WARN_UNINITIALIZED_AUTOS = YES_AGGRESSIVE;
				GCC_WARN_UNUSED_FUNCTION = YES;
				GCC_WARN_UNUSED_VARIABLE = YES;
				IPHONEOS_DEPLOYMENT_TARGET = 8.0;
				MTL_ENABLE_DEBUG_INFO = NO;
				SDKROOT = iphoneos;
				VALIDATE_PRODUCT = YES;
			};
			name = Release;
		};
		390699BE1DC08DC9005FE694 /* Debug */ = {
			isa = XCBuildConfiguration;
			baseConfigurationReference = 9412BD434C4219A816B9D097 /* Pods-MyProject.debug.xcconfig */;
			buildSettings = {
				ASSETCATALOG_COMPILER_APPICON_NAME = AppIcon;
				ASSETCATALOG_COMPILER_LAUNCHIMAGE_NAME = LaunchImage;
				CODE_SIGN_ENTITLEMENTS = MyProject/MyProject.entitlements;
				DEVELOPMENT_TEAM = GT496M7LMJ;
				GCC_PRECOMPILE_PREFIX_HEADER = YES;
				GCC_PREFIX_HEADER = "MyProject/MyProject-pch.pch";
				INFOPLIST_FILE = MyProject/Info.plist;
				LD_RUNPATH_SEARCH_PATHS = "$(inherited) @executable_path/Frameworks";
				PRODUCT_BUNDLE_IDENTIFIER = com.ztjy.dev5;
				PRODUCT_NAME = "$(TARGET_NAME)";
				TARGETED_DEVICE_FAMILY = 1;
			};
			name = Debug;
		};
		390699BF1DC08DC9005FE694 /* Release */ = {
			isa = XCBuildConfiguration;
			baseConfigurationReference = 655EC51DDC46CAD441569862 /* Pods-MyProject.release.xcconfig */;
			buildSettings = {
				ASSETCATALOG_COMPILER_APPICON_NAME = AppIcon;
				ASSETCATALOG_COMPILER_LAUNCHIMAGE_NAME = LaunchImage;
				CODE_SIGN_ENTITLEMENTS = MyProject/MyProject.entitlements;
				DEVELOPMENT_TEAM = GT496M7LMJ;
				GCC_PRECOMPILE_PREFIX_HEADER = YES;
				GCC_PREFIX_HEADER = "MyProject/MyProject-pch.pch";
				INFOPLIST_FILE = MyProject/Info.plist;
				LD_RUNPATH_SEARCH_PATHS = "$(inherited) @executable_path/Frameworks";
				PRODUCT_BUNDLE_IDENTIFIER = com.ztjy.dev5;
				PRODUCT_NAME = "$(TARGET_NAME)";
				TARGETED_DEVICE_FAMILY = 1;
			};
			name = Release;
		};
/* End XCBuildConfiguration section */

/* Begin XCConfigurationList section */
		390699A11DC08DC9005FE694 /* Build configuration list for PBXProject "MyProject" */ = {
			isa = XCConfigurationList;
			buildConfigurations = (
				390699BB1DC08DC9005FE694 /* Debug */,
				390699BC1DC08DC9005FE694 /* Release */,
			);
			defaultConfigurationIsVisible = 0;
			defaultConfigurationName = Release;
		};
		390699BD1DC08DC9005FE694 /* Build configuration list for PBXNativeTarget "MyProject" */ = {
			isa = XCConfigurationList;
			buildConfigurations = (
				390699BE1DC08DC9005FE694 /* Debug */,
				390699BF1DC08DC9005FE694 /* Release */,
			);
			defaultConfigurationIsVisible = 0;
			defaultConfigurationName = Release;
		};
/* End XCConfigurationList section */
	};
	rootObject = 3906999E1DC08DC9005FE694 /* Project object */;
}
